
Microsoft Visual Studio Solution File, Format Version 12.00
# Visual Studio Version 17
VisualStudioVersion = 17.3.32922.545
MinimumVisualStudioVersion = 10.0.40219.1
Project("{FAE04EC0-301F-11D3-BF4B-00C04F79EFBC}") = "01Library", "01Library\01Library.csproj", "{C3589EB5-F4F1-4C3F-99EA-2428FF6A1235}"
EndProject
Project("{FAE04EC0-301F-11D3-BF4B-00C04F79EFBC}") = "DEMO", "DEMO\DEMO.csproj", "{E02561B8-D20B-4FD7-9E6F-A03C5DD7EFF6}"
EndProject
Project("{FAE04EC0-301F-11D3-BF4B-00C04F79EFBC}") = "IteratorsAndComparators", "IteratorsAndComparators\IteratorsAndComparators.csproj", "{AECB9343-989A-4DB7-8336-620C4486CCBB}"
EndProject
Project("{FAE04EC0-301F-11D3-BF4B-00C04F79EFBC}") = "IteratorsAndComparators.", "IteratorsAndComparators\IteratorsAndComparators..csproj", "{5EBC77E7-E8DF-4E02-AD8F-7AE63BE0D647}"
EndProject
Project("{FAE04EC0-301F-11D3-BF4B-00C04F79EFBC}") = "03ComparableBook", "03ComparableBook\03ComparableBook.csproj", "{007DCD18-BA20-47D2-BD0A-AFB69FF8BB81}"
EndProject
Global
	GlobalSection(SolutionConfigurationPlatforms) = preSolution
		Debug|Any CPU = Debug|Any CPU
		Release|Any CPU = Release|Any CPU
	EndGlobalSection
	GlobalSection(ProjectConfigurationPlatforms) = postSolution
		{C3589EB5-F4F1-4C3F-99EA-2428FF6A1235}.Debug|Any CPU.ActiveCfg = Debug|Any CPU
		{C3589EB5-F4F1-4C3F-99EA-2428FF6A1235}.Debug|Any CPU.Build.0 = Debug|Any CPU
		{C3589EB5-F4F1-4C3F-99EA-2428FF6A1235}.Release|Any CPU.ActiveCfg = Release|Any CPU
		{C3589EB5-F4F1-4C3F-99EA-2428FF6A1235}.Release|Any CPU.Build.0 = Release|Any CPU
		{E02561B8-D20B-4FD7-9E6F-A03C5DD7EFF6}.Debug|Any CPU.ActiveCfg = Debug|Any CPU
		{E02561B8-D20B-4FD7-9E6F-A03C5DD7EFF6}.Debug|Any CPU.Build.0 = Debug|Any CPU
		{E02561B8-D20B-4FD7-9E6F-A03C5DD7EFF6}.Release|Any CPU.ActiveCfg = Release|Any CPU
		{E02561B8-D20B-4FD7-9E6F-A03C5DD7EFF6}.Release|Any CPU.Build.0 = Release|Any CPU
		{AECB9343-989A-4DB7-8336-620C4486CCBB}.Debug|Any CPU.ActiveCfg = Debug|Any CPU
		{AECB9343-989A-4DB7-8336-620C4486CCBB}.Debug|Any CPU.Build.0 = Debug|Any CPU
		{AECB9343-989A-4DB7-8336-620C4486CCBB}.Release|Any CPU.ActiveCfg = Release|Any CPU
		{AECB9343-989A-4DB7-8336-620C4486CCBB}.Release|Any CPU.Build.0 = Release|Any CPU
		{5EBC77E7-E8DF-4E02-AD8F-7AE63BE0D647}.Debug|Any CPU.ActiveCfg = Debug|Any CPU
		{5EBC77E7-E8DF-4E02-AD8F-7AE63BE0D647}.Debug|Any CPU.Build.0 = Debug|Any CPU
		{5EBC77E7-E8DF-4E02-AD8F-7AE63BE0D647}.Release|Any CPU.ActiveCfg = Release|Any CPU
		{5EBC77E7-E8DF-4E02-AD8F-7AE63BE0D647}.Release|Any CPU.Build.0 = Release|Any CPU
		{007DCD18-BA20-47D2-BD0A-AFB69FF8BB81}.Debug|Any CPU.ActiveCfg = Debug|Any CPU
		{007DCD18-BA20-47D2-BD0A-AFB69FF8BB81}.Debug|Any CPU.Build.0 = Debug|Any CPU
		{007DCD18-BA20-47D2-BD0A-AFB69FF8BB81}.Release|Any CPU.ActiveCfg = Release|Any CPU
		{007DCD18-BA20-47D2-BD0A-AFB69FF8BB81}.Release|Any CPU.Build.0 = Release|Any CPU
	EndGlobalSection
	GlobalSection(SolutionProperties) = preSolution
		HideSolutionNode = FALSE
	EndGlobalSection
	GlobalSection(ExtensibilityGlobals) = postSolution
		SolutionGuid = {D55A6B1E-9760-4156-84FD-8EEF9A7F7115}
	EndGlobalSection
EndGlobal
