
Microsoft Visual Studio Solution File, Format Version 12.00
# Visual Studio Version 17
VisualStudioVersion = 17.1.32210.238
MinimumVisualStudioVersion = 10.0.40219.1
Project("{FAE04EC0-301F-11D3-BF4B-00C04F79EFBC}") = "01. Train", "01. Train\01. Train.csproj", "{7F8E197F-0163-4A41-AA0C-C129C0ADAB75}"
EndProject
Project("{FAE04EC0-301F-11D3-BF4B-00C04F79EFBC}") = "02.ChangeList", "02.ChangeList\02.ChangeList.csproj", "{44270B33-3028-47C4-90C5-F7F550581FA7}"
EndProject
Project("{FAE04EC0-301F-11D3-BF4B-00C04F79EFBC}") = "03. House Party", "03. House Party\03. House Party.csproj", "{607A8B21-08A2-45C4-9A9E-8D76FDC232EA}"
EndProject
Project("{FAE04EC0-301F-11D3-BF4B-00C04F79EFBC}") = "04. List Operations", "04. List Operations\04. List Operations.csproj", "{00B70FCB-8C71-4950-A751-13C349A5202B}"
EndProject
Project("{FAE04EC0-301F-11D3-BF4B-00C04F79EFBC}") = "05. Bomb Numbers", "05. Bomb Numbers\05. Bomb Numbers.csproj", "{1EB4114E-14F6-41C5-95EB-584169056520}"
EndProject
Project("{FAE04EC0-301F-11D3-BF4B-00C04F79EFBC}") = "06.CardsGame", "06.CardsGame\06.CardsGame.csproj", "{2C73A0F5-3BAB-471D-AD87-334B8EFBC2CB}"
EndProject
Project("{FAE04EC0-301F-11D3-BF4B-00C04F79EFBC}") = "07. Append Arrays", "07. Append Arrays\07. Append Arrays.csproj", "{4D0EF1F1-C658-4F0B-B686-D758EEEB33FB}"
EndProject
Project("{FAE04EC0-301F-11D3-BF4B-00C04F79EFBC}") = "08. Anonymous Threat", "08. Anonymous Threat\08. Anonymous Threat.csproj", "{ABAA6EF3-5C16-4EEE-92BA-CB0E53AD7026}"
EndProject
Project("{FAE04EC0-301F-11D3-BF4B-00C04F79EFBC}") = "09.PokemonDontGo", "09.PokemonDontGo\09.PokemonDontGo.csproj", "{D34ED52A-857C-4BB5-8948-4A7FC33B9A5C}"
EndProject
Project("{FAE04EC0-301F-11D3-BF4B-00C04F79EFBC}") = "10. SoftUni Course Planning", "10. SoftUni Course Planning\10. SoftUni Course Planning.csproj", "{2F6C25AD-F7C4-4BDA-AB31-6B9668EF9F62}"
EndProject
Global
	GlobalSection(SolutionConfigurationPlatforms) = preSolution
		Debug|Any CPU = Debug|Any CPU
		Release|Any CPU = Release|Any CPU
	EndGlobalSection
	GlobalSection(ProjectConfigurationPlatforms) = postSolution
		{7F8E197F-0163-4A41-AA0C-C129C0ADAB75}.Debug|Any CPU.ActiveCfg = Debug|Any CPU
		{7F8E197F-0163-4A41-AA0C-C129C0ADAB75}.Debug|Any CPU.Build.0 = Debug|Any CPU
		{7F8E197F-0163-4A41-AA0C-C129C0ADAB75}.Release|Any CPU.ActiveCfg = Release|Any CPU
		{7F8E197F-0163-4A41-AA0C-C129C0ADAB75}.Release|Any CPU.Build.0 = Release|Any CPU
		{44270B33-3028-47C4-90C5-F7F550581FA7}.Debug|Any CPU.ActiveCfg = Debug|Any CPU
		{44270B33-3028-47C4-90C5-F7F550581FA7}.Debug|Any CPU.Build.0 = Debug|Any CPU
		{44270B33-3028-47C4-90C5-F7F550581FA7}.Release|Any CPU.ActiveCfg = Release|Any CPU
		{44270B33-3028-47C4-90C5-F7F550581FA7}.Release|Any CPU.Build.0 = Release|Any CPU
		{607A8B21-08A2-45C4-9A9E-8D76FDC232EA}.Debug|Any CPU.ActiveCfg = Debug|Any CPU
		{607A8B21-08A2-45C4-9A9E-8D76FDC232EA}.Debug|Any CPU.Build.0 = Debug|Any CPU
		{607A8B21-08A2-45C4-9A9E-8D76FDC232EA}.Release|Any CPU.ActiveCfg = Release|Any CPU
		{607A8B21-08A2-45C4-9A9E-8D76FDC232EA}.Release|Any CPU.Build.0 = Release|Any CPU
		{00B70FCB-8C71-4950-A751-13C349A5202B}.Debug|Any CPU.ActiveCfg = Debug|Any CPU
		{00B70FCB-8C71-4950-A751-13C349A5202B}.Debug|Any CPU.Build.0 = Debug|Any CPU
		{00B70FCB-8C71-4950-A751-13C349A5202B}.Release|Any CPU.ActiveCfg = Release|Any CPU
		{00B70FCB-8C71-4950-A751-13C349A5202B}.Release|Any CPU.Build.0 = Release|Any CPU
		{1EB4114E-14F6-41C5-95EB-584169056520}.Debug|Any CPU.ActiveCfg = Debug|Any CPU
		{1EB4114E-14F6-41C5-95EB-584169056520}.Debug|Any CPU.Build.0 = Debug|Any CPU
		{1EB4114E-14F6-41C5-95EB-584169056520}.Release|Any CPU.ActiveCfg = Release|Any CPU
		{1EB4114E-14F6-41C5-95EB-584169056520}.Release|Any CPU.Build.0 = Release|Any CPU
		{2C73A0F5-3BAB-471D-AD87-334B8EFBC2CB}.Debug|Any CPU.ActiveCfg = Debug|Any CPU
		{2C73A0F5-3BAB-471D-AD87-334B8EFBC2CB}.Debug|Any CPU.Build.0 = Debug|Any CPU
		{2C73A0F5-3BAB-471D-AD87-334B8EFBC2CB}.Release|Any CPU.ActiveCfg = Release|Any CPU
		{2C73A0F5-3BAB-471D-AD87-334B8EFBC2CB}.Release|Any CPU.Build.0 = Release|Any CPU
		{4D0EF1F1-C658-4F0B-B686-D758EEEB33FB}.Debug|Any CPU.ActiveCfg = Debug|Any CPU
		{4D0EF1F1-C658-4F0B-B686-D758EEEB33FB}.Debug|Any CPU.Build.0 = Debug|Any CPU
		{4D0EF1F1-C658-4F0B-B686-D758EEEB33FB}.Release|Any CPU.ActiveCfg = Release|Any CPU
		{4D0EF1F1-C658-4F0B-B686-D758EEEB33FB}.Release|Any CPU.Build.0 = Release|Any CPU
		{ABAA6EF3-5C16-4EEE-92BA-CB0E53AD7026}.Debug|Any CPU.ActiveCfg = Debug|Any CPU
		{ABAA6EF3-5C16-4EEE-92BA-CB0E53AD7026}.Debug|Any CPU.Build.0 = Debug|Any CPU
		{ABAA6EF3-5C16-4EEE-92BA-CB0E53AD7026}.Release|Any CPU.ActiveCfg = Release|Any CPU
		{ABAA6EF3-5C16-4EEE-92BA-CB0E53AD7026}.Release|Any CPU.Build.0 = Release|Any CPU
		{D34ED52A-857C-4BB5-8948-4A7FC33B9A5C}.Debug|Any CPU.ActiveCfg = Debug|Any CPU
		{D34ED52A-857C-4BB5-8948-4A7FC33B9A5C}.Debug|Any CPU.Build.0 = Debug|Any CPU
		{D34ED52A-857C-4BB5-8948-4A7FC33B9A5C}.Release|Any CPU.ActiveCfg = Release|Any CPU
		{D34ED52A-857C-4BB5-8948-4A7FC33B9A5C}.Release|Any CPU.Build.0 = Release|Any CPU
		{2F6C25AD-F7C4-4BDA-AB31-6B9668EF9F62}.Debug|Any CPU.ActiveCfg = Debug|Any CPU
		{2F6C25AD-F7C4-4BDA-AB31-6B9668EF9F62}.Debug|Any CPU.Build.0 = Debug|Any CPU
		{2F6C25AD-F7C4-4BDA-AB31-6B9668EF9F62}.Release|Any CPU.ActiveCfg = Release|Any CPU
		{2F6C25AD-F7C4-4BDA-AB31-6B9668EF9F62}.Release|Any CPU.Build.0 = Release|Any CPU
	EndGlobalSection
	GlobalSection(SolutionProperties) = preSolution
		HideSolutionNode = FALSE
	EndGlobalSection
	GlobalSection(ExtensibilityGlobals) = postSolution
		SolutionGuid = {E31EB94F-EA39-427C-A52B-BA10F21AE2D8}
	EndGlobalSection
EndGlobal
