
Microsoft Visual Studio Solution File, Format Version 12.00
# Visual Studio Version 17
VisualStudioVersion = 17.3.32922.545
MinimumVisualStudioVersion = 10.0.40219.1
Project("{9A19103F-16F7-4668-BE54-9A1E7A4F7556}") = "Skeleton", "01TestAxe\Skeleton\Skeleton.csproj", "{C22E0476-73DB-465D-91F6-CD041C0A2717}"
EndProject
Global
	GlobalSection(SolutionConfigurationPlatforms) = preSolution
		Debug|Any CPU = Debug|Any CPU
		Release|Any CPU = Release|Any CPU
	EndGlobalSection
	GlobalSection(ProjectConfigurationPlatforms) = postSolution
		{C22E0476-73DB-465D-91F6-CD041C0A2717}.Debug|Any CPU.ActiveCfg = Debug|Any CPU
		{C22E0476-73DB-465D-91F6-CD041C0A2717}.Debug|Any CPU.Build.0 = Debug|Any CPU
		{C22E0476-73DB-465D-91F6-CD041C0A2717}.Release|Any CPU.ActiveCfg = Release|Any CPU
		{C22E0476-73DB-465D-91F6-CD041C0A2717}.Release|Any CPU.Build.0 = Release|Any CPU
	EndGlobalSection
	GlobalSection(SolutionProperties) = preSolution
		HideSolutionNode = FALSE
	EndGlobalSection
	GlobalSection(ExtensibilityGlobals) = postSolution
		SolutionGuid = {6DD92F52-C137-4949-AE77-1015C02066BE}
	EndGlobalSection
EndGlobal
