
Microsoft Visual Studio Solution File, Format Version 12.00
# Visual Studio Version 17
VisualStudioVersion = 17.0.32126.317
MinimumVisualStudioVersion = 10.0.40219.1
Project("{FAE04EC0-301F-11D3-BF4B-00C04F79EFBC}") = "02.AdAstra", "01Task\02.AdAstra.csproj", "{28911F8A-114A-4CDE-B046-B8C5B547DEA8}"
EndProject
Global
	GlobalSection(SolutionConfigurationPlatforms) = preSolution
		Debug|Any CPU = Debug|Any CPU
		Release|Any CPU = Release|Any CPU
	EndGlobalSection
	GlobalSection(ProjectConfigurationPlatforms) = postSolution
		{28911F8A-114A-4CDE-B046-B8C5B547DEA8}.Debug|Any CPU.ActiveCfg = Debug|Any CPU
		{28911F8A-114A-4CDE-B046-B8C5B547DEA8}.Debug|Any CPU.Build.0 = Debug|Any CPU
		{28911F8A-114A-4CDE-B046-B8C5B547DEA8}.Release|Any CPU.ActiveCfg = Release|Any CPU
		{28911F8A-114A-4CDE-B046-B8C5B547DEA8}.Release|Any CPU.Build.0 = Release|Any CPU
	EndGlobalSection
	GlobalSection(SolutionProperties) = preSolution
		HideSolutionNode = FALSE
	EndGlobalSection
	GlobalSection(ExtensibilityGlobals) = postSolution
		SolutionGuid = {5EE05987-618E-4EB2-8038-E1C9278E615D}
	EndGlobalSection
EndGlobal
