
Microsoft Visual Studio Solution File, Format Version 12.00
# Visual Studio Version 17
VisualStudioVersion = 17.0.32126.317
MinimumVisualStudioVersion = 10.0.40219.1
Project("{9A19103F-16F7-4668-BE54-9A1E7A4F7556}") = "02.AdAstra", "01Task\02.AdAstra.csproj", "{28911F8A-114A-4CDE-B046-B8C5B547DEA8}"
EndProject
Project("{9A19103F-16F7-4668-BE54-9A1E7A4F7556}") = "03.ThePianist", "03.ThePianist\03.ThePianist.csproj", "{31E52ABC-BD20-4E8B-8308-AA5FC1ED23E1}"
EndProject
Project("{FAE04EC0-301F-11D3-BF4B-00C04F79EFBC}") = "01.SecretChat", "01.SecretChat\01.SecretChat.csproj", "{D4FBF38A-CAB5-4C74-A36A-497BE6B3C514}"
EndProject
Project("{FAE04EC0-301F-11D3-BF4B-00C04F79EFBC}") = "01.WorldTour", "01.World Tour\01.WorldTour.csproj", "{F6AB8B07-869B-4DDF-8EA8-0827298B1635}"
EndProject
Project("{FAE04EC0-301F-11D3-BF4B-00C04F79EFBC}") = "01.ImitationGame", "01.Imitation Game\01.ImitationGame.csproj", "{6F2600A4-6389-4118-BAA5-70002A7B9B6F}"
EndProject
Project("{FAE04EC0-301F-11D3-BF4B-00C04F79EFBC}") = "01.ActivationKeys", "01.ActivationKeys\01.ActivationKeys.csproj", "{D278D6CE-ABEC-4B6A-A2F3-25ECB7FF33B0}"
EndProject
Project("{FAE04EC0-301F-11D3-BF4B-00C04F79EFBC}") = "02.FancyBarcodes", "02.FancyBarcodes\02.FancyBarcodes.csproj", "{01AF9CF8-16AA-4F6A-9CE1-BCAF74D7089D}"
EndProject
Global
	GlobalSection(SolutionConfigurationPlatforms) = preSolution
		Debug|Any CPU = Debug|Any CPU
		Release|Any CPU = Release|Any CPU
	EndGlobalSection
	GlobalSection(ProjectConfigurationPlatforms) = postSolution
		{28911F8A-114A-4CDE-B046-B8C5B547DEA8}.Debug|Any CPU.ActiveCfg = Debug|Any CPU
		{28911F8A-114A-4CDE-B046-B8C5B547DEA8}.Debug|Any CPU.Build.0 = Debug|Any CPU
		{28911F8A-114A-4CDE-B046-B8C5B547DEA8}.Release|Any CPU.ActiveCfg = Release|Any CPU
		{28911F8A-114A-4CDE-B046-B8C5B547DEA8}.Release|Any CPU.Build.0 = Release|Any CPU
		{31E52ABC-BD20-4E8B-8308-AA5FC1ED23E1}.Debug|Any CPU.ActiveCfg = Debug|Any CPU
		{31E52ABC-BD20-4E8B-8308-AA5FC1ED23E1}.Debug|Any CPU.Build.0 = Debug|Any CPU
		{31E52ABC-BD20-4E8B-8308-AA5FC1ED23E1}.Release|Any CPU.ActiveCfg = Release|Any CPU
		{31E52ABC-BD20-4E8B-8308-AA5FC1ED23E1}.Release|Any CPU.Build.0 = Release|Any CPU
		{D4FBF38A-CAB5-4C74-A36A-497BE6B3C514}.Debug|Any CPU.ActiveCfg = Debug|Any CPU
		{D4FBF38A-CAB5-4C74-A36A-497BE6B3C514}.Debug|Any CPU.Build.0 = Debug|Any CPU
		{D4FBF38A-CAB5-4C74-A36A-497BE6B3C514}.Release|Any CPU.ActiveCfg = Release|Any CPU
		{D4FBF38A-CAB5-4C74-A36A-497BE6B3C514}.Release|Any CPU.Build.0 = Release|Any CPU
		{F6AB8B07-869B-4DDF-8EA8-0827298B1635}.Debug|Any CPU.ActiveCfg = Debug|Any CPU
		{F6AB8B07-869B-4DDF-8EA8-0827298B1635}.Debug|Any CPU.Build.0 = Debug|Any CPU
		{F6AB8B07-869B-4DDF-8EA8-0827298B1635}.Release|Any CPU.ActiveCfg = Release|Any CPU
		{F6AB8B07-869B-4DDF-8EA8-0827298B1635}.Release|Any CPU.Build.0 = Release|Any CPU
		{6F2600A4-6389-4118-BAA5-70002A7B9B6F}.Debug|Any CPU.ActiveCfg = Debug|Any CPU
		{6F2600A4-6389-4118-BAA5-70002A7B9B6F}.Debug|Any CPU.Build.0 = Debug|Any CPU
		{6F2600A4-6389-4118-BAA5-70002A7B9B6F}.Release|Any CPU.ActiveCfg = Release|Any CPU
		{6F2600A4-6389-4118-BAA5-70002A7B9B6F}.Release|Any CPU.Build.0 = Release|Any CPU
		{D278D6CE-ABEC-4B6A-A2F3-25ECB7FF33B0}.Debug|Any CPU.ActiveCfg = Debug|Any CPU
		{D278D6CE-ABEC-4B6A-A2F3-25ECB7FF33B0}.Debug|Any CPU.Build.0 = Debug|Any CPU
		{D278D6CE-ABEC-4B6A-A2F3-25ECB7FF33B0}.Release|Any CPU.ActiveCfg = Release|Any CPU
		{D278D6CE-ABEC-4B6A-A2F3-25ECB7FF33B0}.Release|Any CPU.Build.0 = Release|Any CPU
		{01AF9CF8-16AA-4F6A-9CE1-BCAF74D7089D}.Debug|Any CPU.ActiveCfg = Debug|Any CPU
		{01AF9CF8-16AA-4F6A-9CE1-BCAF74D7089D}.Debug|Any CPU.Build.0 = Debug|Any CPU
		{01AF9CF8-16AA-4F6A-9CE1-BCAF74D7089D}.Release|Any CPU.ActiveCfg = Release|Any CPU
		{01AF9CF8-16AA-4F6A-9CE1-BCAF74D7089D}.Release|Any CPU.Build.0 = Release|Any CPU
	EndGlobalSection
	GlobalSection(SolutionProperties) = preSolution
		HideSolutionNode = FALSE
	EndGlobalSection
	GlobalSection(ExtensibilityGlobals) = postSolution
		SolutionGuid = {5EE05987-618E-4EB2-8038-E1C9278E615D}
	EndGlobalSection
EndGlobal
