
Microsoft Visual Studio Solution File, Format Version 12.00
# Visual Studio Version 17
VisualStudioVersion = 17.1.32210.238
MinimumVisualStudioVersion = 10.0.40219.1
Project("{FAE04EC0-301F-11D3-BF4B-00C04F79EFBC}") = "01.ReverseStrings", "01.ReverseStrings\01.ReverseStrings.csproj", "{FBF6805F-A60D-4C9D-9733-2D426FFA7E43}"
EndProject
Global
	GlobalSection(SolutionConfigurationPlatforms) = preSolution
		Debug|Any CPU = Debug|Any CPU
		Release|Any CPU = Release|Any CPU
	EndGlobalSection
	GlobalSection(ProjectConfigurationPlatforms) = postSolution
		{FBF6805F-A60D-4C9D-9733-2D426FFA7E43}.Debug|Any CPU.ActiveCfg = Debug|Any CPU
		{FBF6805F-A60D-4C9D-9733-2D426FFA7E43}.Debug|Any CPU.Build.0 = Debug|Any CPU
		{FBF6805F-A60D-4C9D-9733-2D426FFA7E43}.Release|Any CPU.ActiveCfg = Release|Any CPU
		{FBF6805F-A60D-4C9D-9733-2D426FFA7E43}.Release|Any CPU.Build.0 = Release|Any CPU
	EndGlobalSection
	GlobalSection(SolutionProperties) = preSolution
		HideSolutionNode = FALSE
	EndGlobalSection
	GlobalSection(ExtensibilityGlobals) = postSolution
		SolutionGuid = {E3D57C78-7E0C-4E9B-AA09-358C06463620}
	EndGlobalSection
EndGlobal
