
Microsoft Visual Studio Solution File, Format Version 12.00
# Visual Studio Version 17
VisualStudioVersion = 17.0.32126.317
MinimumVisualStudioVersion = 10.0.40219.1
Project("{9A19103F-16F7-4668-BE54-9A1E7A4F7556}") = "01.GuineaPig", "01.Guinea Pig\01.GuineaPig.csproj", "{15A41227-B126-4386-B3E3-7B74C39D00D7}"
EndProject
Project("{9A19103F-16F7-4668-BE54-9A1E7A4F7556}") = "02.TheLift", "02.The Lift\02.TheLift.csproj", "{645E381E-A598-41B1-A64E-1D2B05BEE0F3}"
EndProject
Project("{9A19103F-16F7-4668-BE54-9A1E7A4F7556}") = "03.MovingTarget", "03.MovingTarget\03.MovingTarget.csproj", "{656325A1-A4CC-465B-936C-A994CBE863CE}"
EndProject
Project("{9A19103F-16F7-4668-BE54-9A1E7A4F7556}") = "04.MemoryGame", "04.MemoryGame\04.MemoryGame.csproj", "{C36A8867-96E0-4A5D-9C5F-5815FAF6A5DE}"
EndProject
Project("{9A19103F-16F7-4668-BE54-9A1E7A4F7556}") = "05.ArrayModifier", "05.ArrayModifier\05.ArrayModifier.csproj", "{0B6D694D-3147-40F6-897C-ECC60BCE5457}"
EndProject
Project("{9A19103F-16F7-4668-BE54-9A1E7A4F7556}") = "06.HeartDelivery", "06.HeartDelivery\06.HeartDelivery.csproj", "{23AB4562-7672-445A-9AEA-A8AFFC3BDE7F}"
EndProject
Project("{9A19103F-16F7-4668-BE54-9A1E7A4F7556}") = "07.WorldTour", "07.WorldTour\07.WorldTour.csproj", "{A85B8B8A-6E9C-4BAB-8A04-77D58C9479AE}"
EndProject
Project("{9A19103F-16F7-4668-BE54-9A1E7A4F7556}") = "01.SoftUniReception", "01.SoftUniReception\01.SoftUniReception.csproj", "{7E109A2E-12EA-4B17-9853-3D84C88D2768}"
EndProject
Project("{9A19103F-16F7-4668-BE54-9A1E7A4F7556}") = "03.Numbers", "03.Numbers\03.Numbers.csproj", "{E4178968-E674-4695-9063-16EF89014FAC}"
EndProject
Project("{9A19103F-16F7-4668-BE54-9A1E7A4F7556}") = "01.CounterStrike", "01.CounterStrike\01.CounterStrike.csproj", "{DD5D9FA0-1754-478F-A565-C7C8711FC317}"
EndProject
Project("{9A19103F-16F7-4668-BE54-9A1E7A4F7556}") = "02.ShootfortheWin", "02.ShootfortheWin\02.ShootfortheWin.csproj", "{B7EBAC23-0936-4467-AF5C-1FFB25D969A7}"
EndProject
Project("{9A19103F-16F7-4668-BE54-9A1E7A4F7556}") = "02.DestinationMapper", "02.DestinationMapper\02.DestinationMapper.csproj", "{C5622B03-01D2-493C-B317-9AC02F5801F8}"
EndProject
Project("{FAE04EC0-301F-11D3-BF4B-00C04F79EFBC}") = "01.BonusScoringSystem", "01.SecretChat\01.BonusScoringSystem.csproj", "{69DED9E1-19A0-4D9A-9D22-04AC0305458D}"
EndProject
Project("{FAE04EC0-301F-11D3-BF4B-00C04F79EFBC}") = "02.MuOnline", "02.MuOnline\02.MuOnline.csproj", "{7C4DFEF2-AFDE-4947-B103-80393DE6F99E}"
EndProject
Project("{FAE04EC0-301F-11D3-BF4B-00C04F79EFBC}") = "03.Inventory", "03.Inventory\03.Inventory.csproj", "{715D3A62-0F26-4016-8938-F7A83610CDE2}"
EndProject
Global
	GlobalSection(SolutionConfigurationPlatforms) = preSolution
		Debug|Any CPU = Debug|Any CPU
		Release|Any CPU = Release|Any CPU
	EndGlobalSection
	GlobalSection(ProjectConfigurationPlatforms) = postSolution
		{15A41227-B126-4386-B3E3-7B74C39D00D7}.Debug|Any CPU.ActiveCfg = Debug|Any CPU
		{15A41227-B126-4386-B3E3-7B74C39D00D7}.Debug|Any CPU.Build.0 = Debug|Any CPU
		{15A41227-B126-4386-B3E3-7B74C39D00D7}.Release|Any CPU.ActiveCfg = Release|Any CPU
		{15A41227-B126-4386-B3E3-7B74C39D00D7}.Release|Any CPU.Build.0 = Release|Any CPU
		{645E381E-A598-41B1-A64E-1D2B05BEE0F3}.Debug|Any CPU.ActiveCfg = Debug|Any CPU
		{645E381E-A598-41B1-A64E-1D2B05BEE0F3}.Debug|Any CPU.Build.0 = Debug|Any CPU
		{645E381E-A598-41B1-A64E-1D2B05BEE0F3}.Release|Any CPU.ActiveCfg = Release|Any CPU
		{645E381E-A598-41B1-A64E-1D2B05BEE0F3}.Release|Any CPU.Build.0 = Release|Any CPU
		{656325A1-A4CC-465B-936C-A994CBE863CE}.Debug|Any CPU.ActiveCfg = Debug|Any CPU
		{656325A1-A4CC-465B-936C-A994CBE863CE}.Debug|Any CPU.Build.0 = Debug|Any CPU
		{656325A1-A4CC-465B-936C-A994CBE863CE}.Release|Any CPU.ActiveCfg = Release|Any CPU
		{656325A1-A4CC-465B-936C-A994CBE863CE}.Release|Any CPU.Build.0 = Release|Any CPU
		{C36A8867-96E0-4A5D-9C5F-5815FAF6A5DE}.Debug|Any CPU.ActiveCfg = Debug|Any CPU
		{C36A8867-96E0-4A5D-9C5F-5815FAF6A5DE}.Debug|Any CPU.Build.0 = Debug|Any CPU
		{C36A8867-96E0-4A5D-9C5F-5815FAF6A5DE}.Release|Any CPU.ActiveCfg = Release|Any CPU
		{C36A8867-96E0-4A5D-9C5F-5815FAF6A5DE}.Release|Any CPU.Build.0 = Release|Any CPU
		{0B6D694D-3147-40F6-897C-ECC60BCE5457}.Debug|Any CPU.ActiveCfg = Debug|Any CPU
		{0B6D694D-3147-40F6-897C-ECC60BCE5457}.Debug|Any CPU.Build.0 = Debug|Any CPU
		{0B6D694D-3147-40F6-897C-ECC60BCE5457}.Release|Any CPU.ActiveCfg = Release|Any CPU
		{0B6D694D-3147-40F6-897C-ECC60BCE5457}.Release|Any CPU.Build.0 = Release|Any CPU
		{23AB4562-7672-445A-9AEA-A8AFFC3BDE7F}.Debug|Any CPU.ActiveCfg = Debug|Any CPU
		{23AB4562-7672-445A-9AEA-A8AFFC3BDE7F}.Debug|Any CPU.Build.0 = Debug|Any CPU
		{23AB4562-7672-445A-9AEA-A8AFFC3BDE7F}.Release|Any CPU.ActiveCfg = Release|Any CPU
		{23AB4562-7672-445A-9AEA-A8AFFC3BDE7F}.Release|Any CPU.Build.0 = Release|Any CPU
		{A85B8B8A-6E9C-4BAB-8A04-77D58C9479AE}.Debug|Any CPU.ActiveCfg = Debug|Any CPU
		{A85B8B8A-6E9C-4BAB-8A04-77D58C9479AE}.Debug|Any CPU.Build.0 = Debug|Any CPU
		{A85B8B8A-6E9C-4BAB-8A04-77D58C9479AE}.Release|Any CPU.ActiveCfg = Release|Any CPU
		{A85B8B8A-6E9C-4BAB-8A04-77D58C9479AE}.Release|Any CPU.Build.0 = Release|Any CPU
		{7E109A2E-12EA-4B17-9853-3D84C88D2768}.Debug|Any CPU.ActiveCfg = Debug|Any CPU
		{7E109A2E-12EA-4B17-9853-3D84C88D2768}.Debug|Any CPU.Build.0 = Debug|Any CPU
		{7E109A2E-12EA-4B17-9853-3D84C88D2768}.Release|Any CPU.ActiveCfg = Release|Any CPU
		{7E109A2E-12EA-4B17-9853-3D84C88D2768}.Release|Any CPU.Build.0 = Release|Any CPU
		{E4178968-E674-4695-9063-16EF89014FAC}.Debug|Any CPU.ActiveCfg = Debug|Any CPU
		{E4178968-E674-4695-9063-16EF89014FAC}.Debug|Any CPU.Build.0 = Debug|Any CPU
		{E4178968-E674-4695-9063-16EF89014FAC}.Release|Any CPU.ActiveCfg = Release|Any CPU
		{E4178968-E674-4695-9063-16EF89014FAC}.Release|Any CPU.Build.0 = Release|Any CPU
		{DD5D9FA0-1754-478F-A565-C7C8711FC317}.Debug|Any CPU.ActiveCfg = Debug|Any CPU
		{DD5D9FA0-1754-478F-A565-C7C8711FC317}.Debug|Any CPU.Build.0 = Debug|Any CPU
		{DD5D9FA0-1754-478F-A565-C7C8711FC317}.Release|Any CPU.ActiveCfg = Release|Any CPU
		{DD5D9FA0-1754-478F-A565-C7C8711FC317}.Release|Any CPU.Build.0 = Release|Any CPU
		{B7EBAC23-0936-4467-AF5C-1FFB25D969A7}.Debug|Any CPU.ActiveCfg = Debug|Any CPU
		{B7EBAC23-0936-4467-AF5C-1FFB25D969A7}.Debug|Any CPU.Build.0 = Debug|Any CPU
		{B7EBAC23-0936-4467-AF5C-1FFB25D969A7}.Release|Any CPU.ActiveCfg = Release|Any CPU
		{B7EBAC23-0936-4467-AF5C-1FFB25D969A7}.Release|Any CPU.Build.0 = Release|Any CPU
		{C5622B03-01D2-493C-B317-9AC02F5801F8}.Debug|Any CPU.ActiveCfg = Debug|Any CPU
		{C5622B03-01D2-493C-B317-9AC02F5801F8}.Debug|Any CPU.Build.0 = Debug|Any CPU
		{C5622B03-01D2-493C-B317-9AC02F5801F8}.Release|Any CPU.ActiveCfg = Release|Any CPU
		{C5622B03-01D2-493C-B317-9AC02F5801F8}.Release|Any CPU.Build.0 = Release|Any CPU
		{69DED9E1-19A0-4D9A-9D22-04AC0305458D}.Debug|Any CPU.ActiveCfg = Debug|Any CPU
		{69DED9E1-19A0-4D9A-9D22-04AC0305458D}.Debug|Any CPU.Build.0 = Debug|Any CPU
		{69DED9E1-19A0-4D9A-9D22-04AC0305458D}.Release|Any CPU.ActiveCfg = Release|Any CPU
		{69DED9E1-19A0-4D9A-9D22-04AC0305458D}.Release|Any CPU.Build.0 = Release|Any CPU
		{7C4DFEF2-AFDE-4947-B103-80393DE6F99E}.Debug|Any CPU.ActiveCfg = Debug|Any CPU
		{7C4DFEF2-AFDE-4947-B103-80393DE6F99E}.Debug|Any CPU.Build.0 = Debug|Any CPU
		{7C4DFEF2-AFDE-4947-B103-80393DE6F99E}.Release|Any CPU.ActiveCfg = Release|Any CPU
		{7C4DFEF2-AFDE-4947-B103-80393DE6F99E}.Release|Any CPU.Build.0 = Release|Any CPU
		{715D3A62-0F26-4016-8938-F7A83610CDE2}.Debug|Any CPU.ActiveCfg = Debug|Any CPU
		{715D3A62-0F26-4016-8938-F7A83610CDE2}.Debug|Any CPU.Build.0 = Debug|Any CPU
		{715D3A62-0F26-4016-8938-F7A83610CDE2}.Release|Any CPU.ActiveCfg = Release|Any CPU
		{715D3A62-0F26-4016-8938-F7A83610CDE2}.Release|Any CPU.Build.0 = Release|Any CPU
	EndGlobalSection
	GlobalSection(SolutionProperties) = preSolution
		HideSolutionNode = FALSE
	EndGlobalSection
	GlobalSection(ExtensibilityGlobals) = postSolution
		SolutionGuid = {07B32DD7-89F8-4D01-A8A0-F9D31B367E3C}
	EndGlobalSection
EndGlobal
