
Microsoft Visual Studio Solution File, Format Version 12.00
# Visual Studio Version 17
VisualStudioVersion = 17.3.32922.545
MinimumVisualStudioVersion = 10.0.40219.1
Project("{FAE04EC0-301F-11D3-BF4B-00C04F79EFBC}") = "01Blacksmith", "01Blacksmith\01Blacksmith.csproj", "{14DC2C6D-F531-4A76-A16F-C43135FB4842}"
EndProject
Global
	GlobalSection(SolutionConfigurationPlatforms) = preSolution
		Debug|Any CPU = Debug|Any CPU
		Release|Any CPU = Release|Any CPU
	EndGlobalSection
	GlobalSection(ProjectConfigurationPlatforms) = postSolution
		{14DC2C6D-F531-4A76-A16F-C43135FB4842}.Debug|Any CPU.ActiveCfg = Debug|Any CPU
		{14DC2C6D-F531-4A76-A16F-C43135FB4842}.Debug|Any CPU.Build.0 = Debug|Any CPU
		{14DC2C6D-F531-4A76-A16F-C43135FB4842}.Release|Any CPU.ActiveCfg = Release|Any CPU
		{14DC2C6D-F531-4A76-A16F-C43135FB4842}.Release|Any CPU.Build.0 = Release|Any CPU
	EndGlobalSection
	GlobalSection(SolutionProperties) = preSolution
		HideSolutionNode = FALSE
	EndGlobalSection
	GlobalSection(ExtensibilityGlobals) = postSolution
		SolutionGuid = {D2D2503B-824F-4B1C-A5D4-86D95D320CE6}
	EndGlobalSection
EndGlobal
