
Microsoft Visual Studio Solution File, Format Version 12.00
# Visual Studio Version 17
VisualStudioVersion = 17.0.32126.317
MinimumVisualStudioVersion = 10.0.40219.1
Project("{9A19103F-16F7-4668-BE54-9A1E7A4F7556}") = "01.ValidUsernames", "01. Valid Usernames\01.ValidUsernames.csproj", "{54D81EDA-E4A5-4873-8875-C95861B75F34}"
EndProject
Project("{9A19103F-16F7-4668-BE54-9A1E7A4F7556}") = "02.CharacterMultiplier", "02.CharacterMultiplirt\02.CharacterMultiplier.csproj", "{5E9766A7-0079-4C03-953A-93480D3B7D9B}"
EndProject
Project("{9A19103F-16F7-4668-BE54-9A1E7A4F7556}") = "03.ExtractFile", "03.ExtractFile\03.ExtractFile.csproj", "{8A273E55-349E-4930-BCE9-CA9ED4D6ABFB}"
EndProject
Project("{9A19103F-16F7-4668-BE54-9A1E7A4F7556}") = "04.CaesarCipher", "04.CaesarCipher\04.CaesarCipher.csproj", "{B9744E03-16E9-426E-9439-6C2C251118D3}"
EndProject
Project("{9A19103F-16F7-4668-BE54-9A1E7A4F7556}") = "05.MultiplyBigNumber", "05.MultiplyBigNumber\05.MultiplyBigNumber.csproj", "{C3C4B39C-2F3C-463F-AF6F-7A19B8A00A8A}"
EndProject
Project("{9A19103F-16F7-4668-BE54-9A1E7A4F7556}") = "06.ReplaceRepeatingChars", "06.ReplaceRepeatingChars\06.ReplaceRepeatingChars.csproj", "{0A6D057C-E95C-4B28-9E1D-70D0C24E954D}"
EndProject
Project("{FAE04EC0-301F-11D3-BF4B-00C04F79EFBC}") = "07.Explosion", "07.Explosion\07.Explosion.csproj", "{C506EFE6-C20B-46E2-991F-0B9587091B09}"
EndProject
Project("{FAE04EC0-301F-11D3-BF4B-00C04F79EFBC}") = "08.LetChngN", "08.LetChngN\08.LetChngN.csproj", "{718058D3-D06F-4B33-A780-29506B8823B2}"
EndProject
Global
	GlobalSection(SolutionConfigurationPlatforms) = preSolution
		Debug|Any CPU = Debug|Any CPU
		Release|Any CPU = Release|Any CPU
	EndGlobalSection
	GlobalSection(ProjectConfigurationPlatforms) = postSolution
		{54D81EDA-E4A5-4873-8875-C95861B75F34}.Debug|Any CPU.ActiveCfg = Debug|Any CPU
		{54D81EDA-E4A5-4873-8875-C95861B75F34}.Debug|Any CPU.Build.0 = Debug|Any CPU
		{54D81EDA-E4A5-4873-8875-C95861B75F34}.Release|Any CPU.ActiveCfg = Release|Any CPU
		{54D81EDA-E4A5-4873-8875-C95861B75F34}.Release|Any CPU.Build.0 = Release|Any CPU
		{5E9766A7-0079-4C03-953A-93480D3B7D9B}.Debug|Any CPU.ActiveCfg = Debug|Any CPU
		{5E9766A7-0079-4C03-953A-93480D3B7D9B}.Debug|Any CPU.Build.0 = Debug|Any CPU
		{5E9766A7-0079-4C03-953A-93480D3B7D9B}.Release|Any CPU.ActiveCfg = Release|Any CPU
		{5E9766A7-0079-4C03-953A-93480D3B7D9B}.Release|Any CPU.Build.0 = Release|Any CPU
		{8A273E55-349E-4930-BCE9-CA9ED4D6ABFB}.Debug|Any CPU.ActiveCfg = Debug|Any CPU
		{8A273E55-349E-4930-BCE9-CA9ED4D6ABFB}.Debug|Any CPU.Build.0 = Debug|Any CPU
		{8A273E55-349E-4930-BCE9-CA9ED4D6ABFB}.Release|Any CPU.ActiveCfg = Release|Any CPU
		{8A273E55-349E-4930-BCE9-CA9ED4D6ABFB}.Release|Any CPU.Build.0 = Release|Any CPU
		{B9744E03-16E9-426E-9439-6C2C251118D3}.Debug|Any CPU.ActiveCfg = Debug|Any CPU
		{B9744E03-16E9-426E-9439-6C2C251118D3}.Debug|Any CPU.Build.0 = Debug|Any CPU
		{B9744E03-16E9-426E-9439-6C2C251118D3}.Release|Any CPU.ActiveCfg = Release|Any CPU
		{B9744E03-16E9-426E-9439-6C2C251118D3}.Release|Any CPU.Build.0 = Release|Any CPU
		{C3C4B39C-2F3C-463F-AF6F-7A19B8A00A8A}.Debug|Any CPU.ActiveCfg = Debug|Any CPU
		{C3C4B39C-2F3C-463F-AF6F-7A19B8A00A8A}.Debug|Any CPU.Build.0 = Debug|Any CPU
		{C3C4B39C-2F3C-463F-AF6F-7A19B8A00A8A}.Release|Any CPU.ActiveCfg = Release|Any CPU
		{C3C4B39C-2F3C-463F-AF6F-7A19B8A00A8A}.Release|Any CPU.Build.0 = Release|Any CPU
		{0A6D057C-E95C-4B28-9E1D-70D0C24E954D}.Debug|Any CPU.ActiveCfg = Debug|Any CPU
		{0A6D057C-E95C-4B28-9E1D-70D0C24E954D}.Debug|Any CPU.Build.0 = Debug|Any CPU
		{0A6D057C-E95C-4B28-9E1D-70D0C24E954D}.Release|Any CPU.ActiveCfg = Release|Any CPU
		{0A6D057C-E95C-4B28-9E1D-70D0C24E954D}.Release|Any CPU.Build.0 = Release|Any CPU
		{C506EFE6-C20B-46E2-991F-0B9587091B09}.Debug|Any CPU.ActiveCfg = Debug|Any CPU
		{C506EFE6-C20B-46E2-991F-0B9587091B09}.Debug|Any CPU.Build.0 = Debug|Any CPU
		{C506EFE6-C20B-46E2-991F-0B9587091B09}.Release|Any CPU.ActiveCfg = Release|Any CPU
		{C506EFE6-C20B-46E2-991F-0B9587091B09}.Release|Any CPU.Build.0 = Release|Any CPU
		{718058D3-D06F-4B33-A780-29506B8823B2}.Debug|Any CPU.ActiveCfg = Debug|Any CPU
		{718058D3-D06F-4B33-A780-29506B8823B2}.Debug|Any CPU.Build.0 = Debug|Any CPU
		{718058D3-D06F-4B33-A780-29506B8823B2}.Release|Any CPU.ActiveCfg = Release|Any CPU
		{718058D3-D06F-4B33-A780-29506B8823B2}.Release|Any CPU.Build.0 = Release|Any CPU
	EndGlobalSection
	GlobalSection(SolutionProperties) = preSolution
		HideSolutionNode = FALSE
	EndGlobalSection
	GlobalSection(ExtensibilityGlobals) = postSolution
		SolutionGuid = {3D9750FC-D7AF-4D03-A344-51909C6BC898}
	EndGlobalSection
EndGlobal
