
Microsoft Visual Studio Solution File, Format Version 12.00
# Visual Studio Version 17
VisualStudioVersion = 17.1.32210.238
MinimumVisualStudioVersion = 10.0.40219.1
Project("{9A19103F-16F7-4668-BE54-9A1E7A4F7556}") = "P01. Number Pyramid", "P01. Number Pyramid\P01. Number Pyramid.csproj", "{7AED50C2-2196-4E55-8ACB-9931C66F680F}"
EndProject
Project("{9A19103F-16F7-4668-BE54-9A1E7A4F7556}") = "P02. Equal Sums Even Odd Position", "P02. Equal Sums Even Odd Position\P02. Equal Sums Even Odd Position.csproj", "{189AC355-81BC-4B90-B422-C9419EF29D5D}"
EndProject
Project("{9A19103F-16F7-4668-BE54-9A1E7A4F7556}") = "P03. Sum Prime Non Prime", "P03. Sum Prime Non Prime\P03. Sum Prime Non Prime.csproj", "{1599D46D-9DE6-470B-A876-384223C2FCDF}"
EndProject
Project("{9A19103F-16F7-4668-BE54-9A1E7A4F7556}") = "P05.SpecialNumbers", "P05.SpecialNumbers\P05.SpecialNumbers.csproj", "{DEF776FC-265E-4CEA-A156-2B3650B51414}"
EndProject
Project("{FAE04EC0-301F-11D3-BF4B-00C04F79EFBC}") = "P04. Train The Trainers", "P04. Train The Trainers\P04. Train The Trainers.csproj", "{71EFB678-12C1-4B83-ABDE-AC7A8E4D00E0}"
EndProject
Project("{FAE04EC0-301F-11D3-BF4B-00C04F79EFBC}") = "P06.CinemaTickets", "P06.CinemaTickets\P06.CinemaTickets.csproj", "{E313D46C-F28E-4D27-99DB-3BC55DB209C1}"
EndProject
Global
	GlobalSection(SolutionConfigurationPlatforms) = preSolution
		Debug|Any CPU = Debug|Any CPU
		Release|Any CPU = Release|Any CPU
	EndGlobalSection
	GlobalSection(ProjectConfigurationPlatforms) = postSolution
		{7AED50C2-2196-4E55-8ACB-9931C66F680F}.Debug|Any CPU.ActiveCfg = Debug|Any CPU
		{7AED50C2-2196-4E55-8ACB-9931C66F680F}.Debug|Any CPU.Build.0 = Debug|Any CPU
		{7AED50C2-2196-4E55-8ACB-9931C66F680F}.Release|Any CPU.ActiveCfg = Release|Any CPU
		{7AED50C2-2196-4E55-8ACB-9931C66F680F}.Release|Any CPU.Build.0 = Release|Any CPU
		{189AC355-81BC-4B90-B422-C9419EF29D5D}.Debug|Any CPU.ActiveCfg = Debug|Any CPU
		{189AC355-81BC-4B90-B422-C9419EF29D5D}.Debug|Any CPU.Build.0 = Debug|Any CPU
		{189AC355-81BC-4B90-B422-C9419EF29D5D}.Release|Any CPU.ActiveCfg = Release|Any CPU
		{189AC355-81BC-4B90-B422-C9419EF29D5D}.Release|Any CPU.Build.0 = Release|Any CPU
		{1599D46D-9DE6-470B-A876-384223C2FCDF}.Debug|Any CPU.ActiveCfg = Debug|Any CPU
		{1599D46D-9DE6-470B-A876-384223C2FCDF}.Debug|Any CPU.Build.0 = Debug|Any CPU
		{1599D46D-9DE6-470B-A876-384223C2FCDF}.Release|Any CPU.ActiveCfg = Release|Any CPU
		{1599D46D-9DE6-470B-A876-384223C2FCDF}.Release|Any CPU.Build.0 = Release|Any CPU
		{DEF776FC-265E-4CEA-A156-2B3650B51414}.Debug|Any CPU.ActiveCfg = Debug|Any CPU
		{DEF776FC-265E-4CEA-A156-2B3650B51414}.Debug|Any CPU.Build.0 = Debug|Any CPU
		{DEF776FC-265E-4CEA-A156-2B3650B51414}.Release|Any CPU.ActiveCfg = Release|Any CPU
		{DEF776FC-265E-4CEA-A156-2B3650B51414}.Release|Any CPU.Build.0 = Release|Any CPU
		{71EFB678-12C1-4B83-ABDE-AC7A8E4D00E0}.Debug|Any CPU.ActiveCfg = Debug|Any CPU
		{71EFB678-12C1-4B83-ABDE-AC7A8E4D00E0}.Debug|Any CPU.Build.0 = Debug|Any CPU
		{71EFB678-12C1-4B83-ABDE-AC7A8E4D00E0}.Release|Any CPU.ActiveCfg = Release|Any CPU
		{71EFB678-12C1-4B83-ABDE-AC7A8E4D00E0}.Release|Any CPU.Build.0 = Release|Any CPU
		{E313D46C-F28E-4D27-99DB-3BC55DB209C1}.Debug|Any CPU.ActiveCfg = Debug|Any CPU
		{E313D46C-F28E-4D27-99DB-3BC55DB209C1}.Debug|Any CPU.Build.0 = Debug|Any CPU
		{E313D46C-F28E-4D27-99DB-3BC55DB209C1}.Release|Any CPU.ActiveCfg = Release|Any CPU
		{E313D46C-F28E-4D27-99DB-3BC55DB209C1}.Release|Any CPU.Build.0 = Release|Any CPU
	EndGlobalSection
	GlobalSection(SolutionProperties) = preSolution
		HideSolutionNode = FALSE
	EndGlobalSection
	GlobalSection(ExtensibilityGlobals) = postSolution
		SolutionGuid = {3BFCCC5C-9FF5-4FB4-94ED-3B2FFDA45377}
	EndGlobalSection
EndGlobal
