
Microsoft Visual Studio Solution File, Format Version 12.00
# Visual Studio Version 17
VisualStudioVersion = 17.1.32210.238
MinimumVisualStudioVersion = 10.0.40219.1
Project("{FAE04EC0-301F-11D3-BF4B-00C04F79EFBC}") = "01.BasicStackOperations", "01.BasicStackOperations\01.BasicStackOperations.csproj", "{00A831C5-14AF-42AF-8B88-2C7AF1FF1407}"
EndProject
Global
	GlobalSection(SolutionConfigurationPlatforms) = preSolution
		Debug|Any CPU = Debug|Any CPU
		Release|Any CPU = Release|Any CPU
	EndGlobalSection
	GlobalSection(ProjectConfigurationPlatforms) = postSolution
		{00A831C5-14AF-42AF-8B88-2C7AF1FF1407}.Debug|Any CPU.ActiveCfg = Debug|Any CPU
		{00A831C5-14AF-42AF-8B88-2C7AF1FF1407}.Debug|Any CPU.Build.0 = Debug|Any CPU
		{00A831C5-14AF-42AF-8B88-2C7AF1FF1407}.Release|Any CPU.ActiveCfg = Release|Any CPU
		{00A831C5-14AF-42AF-8B88-2C7AF1FF1407}.Release|Any CPU.Build.0 = Release|Any CPU
	EndGlobalSection
	GlobalSection(SolutionProperties) = preSolution
		HideSolutionNode = FALSE
	EndGlobalSection
	GlobalSection(ExtensibilityGlobals) = postSolution
		SolutionGuid = {ADEB3ABB-5947-434A-ADF6-82B9206F16E1}
	EndGlobalSection
EndGlobal
