
Microsoft Visual Studio Solution File, Format Version 12.00
# Visual Studio Version 17
VisualStudioVersion = 17.3.32922.545
MinimumVisualStudioVersion = 10.0.40219.1
Project("{FAE04EC0-301F-11D3-BF4B-00C04F79EFBC}") = "01MathOperations", "01MathOperations\01MathOperations.csproj", "{AD19C911-97C9-4A23-9B91-E7E8F87E3A43}"
EndProject
Project("{FAE04EC0-301F-11D3-BF4B-00C04F79EFBC}") = "02Animals", "02Animals\02Animals.csproj", "{99F4B081-B964-4596-B497-8217252301DD}"
EndProject
Project("{FAE04EC0-301F-11D3-BF4B-00C04F79EFBC}") = "03Shapes", "03Shapes\03Shapes.csproj", "{B8D2C399-E930-470B-8DC2-9FF90B8E4911}"
EndProject
Global
	GlobalSection(SolutionConfigurationPlatforms) = preSolution
		Debug|Any CPU = Debug|Any CPU
		Release|Any CPU = Release|Any CPU
	EndGlobalSection
	GlobalSection(ProjectConfigurationPlatforms) = postSolution
		{AD19C911-97C9-4A23-9B91-E7E8F87E3A43}.Debug|Any CPU.ActiveCfg = Debug|Any CPU
		{AD19C911-97C9-4A23-9B91-E7E8F87E3A43}.Debug|Any CPU.Build.0 = Debug|Any CPU
		{AD19C911-97C9-4A23-9B91-E7E8F87E3A43}.Release|Any CPU.ActiveCfg = Release|Any CPU
		{AD19C911-97C9-4A23-9B91-E7E8F87E3A43}.Release|Any CPU.Build.0 = Release|Any CPU
		{99F4B081-B964-4596-B497-8217252301DD}.Debug|Any CPU.ActiveCfg = Debug|Any CPU
		{99F4B081-B964-4596-B497-8217252301DD}.Debug|Any CPU.Build.0 = Debug|Any CPU
		{99F4B081-B964-4596-B497-8217252301DD}.Release|Any CPU.ActiveCfg = Release|Any CPU
		{99F4B081-B964-4596-B497-8217252301DD}.Release|Any CPU.Build.0 = Release|Any CPU
		{B8D2C399-E930-470B-8DC2-9FF90B8E4911}.Debug|Any CPU.ActiveCfg = Debug|Any CPU
		{B8D2C399-E930-470B-8DC2-9FF90B8E4911}.Debug|Any CPU.Build.0 = Debug|Any CPU
		{B8D2C399-E930-470B-8DC2-9FF90B8E4911}.Release|Any CPU.ActiveCfg = Release|Any CPU
		{B8D2C399-E930-470B-8DC2-9FF90B8E4911}.Release|Any CPU.Build.0 = Release|Any CPU
	EndGlobalSection
	GlobalSection(SolutionProperties) = preSolution
		HideSolutionNode = FALSE
	EndGlobalSection
	GlobalSection(ExtensibilityGlobals) = postSolution
		SolutionGuid = {115B3C58-7C20-4A20-B507-548AFBD8E51C}
	EndGlobalSection
EndGlobal
