
Microsoft Visual Studio Solution File, Format Version 12.00
# Visual Studio Version 17
VisualStudioVersion = 17.3.32922.545
MinimumVisualStudioVersion = 10.0.40219.1
Project("{FAE04EC0-301F-11D3-BF4B-00C04F79EFBC}") = "01Stealer", "01Stealer\01Stealer.csproj", "{BC4127F1-7AB9-4F0B-9A71-2A202A8E54FD}"
EndProject
Global
	GlobalSection(SolutionConfigurationPlatforms) = preSolution
		Debug|Any CPU = Debug|Any CPU
		Release|Any CPU = Release|Any CPU
	EndGlobalSection
	GlobalSection(ProjectConfigurationPlatforms) = postSolution
		{BC4127F1-7AB9-4F0B-9A71-2A202A8E54FD}.Debug|Any CPU.ActiveCfg = Debug|Any CPU
		{BC4127F1-7AB9-4F0B-9A71-2A202A8E54FD}.Debug|Any CPU.Build.0 = Debug|Any CPU
		{BC4127F1-7AB9-4F0B-9A71-2A202A8E54FD}.Release|Any CPU.ActiveCfg = Release|Any CPU
		{BC4127F1-7AB9-4F0B-9A71-2A202A8E54FD}.Release|Any CPU.Build.0 = Release|Any CPU
	EndGlobalSection
	GlobalSection(SolutionProperties) = preSolution
		HideSolutionNode = FALSE
	EndGlobalSection
	GlobalSection(ExtensibilityGlobals) = postSolution
		SolutionGuid = {036AE3EE-FBB5-417F-B38E-AA9886A3B190}
	EndGlobalSection
EndGlobal
