
Microsoft Visual Studio Solution File, Format Version 12.00
# Visual Studio Version 17
VisualStudioVersion = 17.3.32922.545
MinimumVisualStudioVersion = 10.0.40219.1
Project("{FAE04EC0-301F-11D3-BF4B-00C04F79EFBC}") = "01BaristaContest", "01BaristaContest\01BaristaContest.csproj", "{97ED92DE-E1A7-44C5-810D-7EC3B0813945}"
EndProject
Project("{FAE04EC0-301F-11D3-BF4B-00C04F79EFBC}") = "02Help-A-Mole", "02Help-A-Mole\02Help-A-Mole.csproj", "{91AC84D4-39FC-43EC-970B-D9A9B74B82AF}"
EndProject
Project("{FAE04EC0-301F-11D3-BF4B-00C04F79EFBC}") = "Help-A-Mole Second sol", "Help-A-Mole Second sol\Help-A-Mole Second sol.csproj", "{4D2C0D79-F007-49B0-8803-A7AA8A3536FC}"
EndProject
Global
	GlobalSection(SolutionConfigurationPlatforms) = preSolution
		Debug|Any CPU = Debug|Any CPU
		Release|Any CPU = Release|Any CPU
	EndGlobalSection
	GlobalSection(ProjectConfigurationPlatforms) = postSolution
		{97ED92DE-E1A7-44C5-810D-7EC3B0813945}.Debug|Any CPU.ActiveCfg = Debug|Any CPU
		{97ED92DE-E1A7-44C5-810D-7EC3B0813945}.Debug|Any CPU.Build.0 = Debug|Any CPU
		{97ED92DE-E1A7-44C5-810D-7EC3B0813945}.Release|Any CPU.ActiveCfg = Release|Any CPU
		{97ED92DE-E1A7-44C5-810D-7EC3B0813945}.Release|Any CPU.Build.0 = Release|Any CPU
		{91AC84D4-39FC-43EC-970B-D9A9B74B82AF}.Debug|Any CPU.ActiveCfg = Debug|Any CPU
		{91AC84D4-39FC-43EC-970B-D9A9B74B82AF}.Debug|Any CPU.Build.0 = Debug|Any CPU
		{91AC84D4-39FC-43EC-970B-D9A9B74B82AF}.Release|Any CPU.ActiveCfg = Release|Any CPU
		{91AC84D4-39FC-43EC-970B-D9A9B74B82AF}.Release|Any CPU.Build.0 = Release|Any CPU
		{4D2C0D79-F007-49B0-8803-A7AA8A3536FC}.Debug|Any CPU.ActiveCfg = Debug|Any CPU
		{4D2C0D79-F007-49B0-8803-A7AA8A3536FC}.Debug|Any CPU.Build.0 = Debug|Any CPU
		{4D2C0D79-F007-49B0-8803-A7AA8A3536FC}.Release|Any CPU.ActiveCfg = Release|Any CPU
		{4D2C0D79-F007-49B0-8803-A7AA8A3536FC}.Release|Any CPU.Build.0 = Release|Any CPU
	EndGlobalSection
	GlobalSection(SolutionProperties) = preSolution
		HideSolutionNode = FALSE
	EndGlobalSection
	GlobalSection(ExtensibilityGlobals) = postSolution
		SolutionGuid = {365ECA58-B4DD-416B-88C2-59515CB45A9C}
	EndGlobalSection
EndGlobal
