
Microsoft Visual Studio Solution File, Format Version 12.00
# Visual Studio Version 17
VisualStudioVersion = 17.0.32126.317
MinimumVisualStudioVersion = 10.0.40219.1
Project("{9A19103F-16F7-4668-BE54-9A1E7A4F7556}") = "01.Counter-Strike", "01.Counter-Strike\01.Counter-Strike.csproj", "{7FF1DAC0-6262-4B8C-BF5D-6BB66B264966}"
EndProject
Project("{9A19103F-16F7-4668-BE54-9A1E7A4F7556}") = "01.GuineaPig", "01.GuineaPig\01.GuineaPig.csproj", "{C8027B37-CD33-41B1-843D-F35F9EC6BBE9}"
EndProject
Project("{9A19103F-16F7-4668-BE54-9A1E7A4F7556}") = "02.MuOnline", "02.MuOnline\02.MuOnline.csproj", "{721CDC4F-EA78-48A6-8D5E-1C15A3EC2EAA}"
EndProject
Project("{FAE04EC0-301F-11D3-BF4B-00C04F79EFBC}") = "03.Inventory", "03.Inventory\03.Inventory.csproj", "{B3C0F8E4-1B76-4957-AD5E-B7A8218BC07F}"
EndProject
Global
	GlobalSection(SolutionConfigurationPlatforms) = preSolution
		Debug|Any CPU = Debug|Any CPU
		Release|Any CPU = Release|Any CPU
	EndGlobalSection
	GlobalSection(ProjectConfigurationPlatforms) = postSolution
		{7FF1DAC0-6262-4B8C-BF5D-6BB66B264966}.Debug|Any CPU.ActiveCfg = Debug|Any CPU
		{7FF1DAC0-6262-4B8C-BF5D-6BB66B264966}.Debug|Any CPU.Build.0 = Debug|Any CPU
		{7FF1DAC0-6262-4B8C-BF5D-6BB66B264966}.Release|Any CPU.ActiveCfg = Release|Any CPU
		{7FF1DAC0-6262-4B8C-BF5D-6BB66B264966}.Release|Any CPU.Build.0 = Release|Any CPU
		{C8027B37-CD33-41B1-843D-F35F9EC6BBE9}.Debug|Any CPU.ActiveCfg = Debug|Any CPU
		{C8027B37-CD33-41B1-843D-F35F9EC6BBE9}.Debug|Any CPU.Build.0 = Debug|Any CPU
		{C8027B37-CD33-41B1-843D-F35F9EC6BBE9}.Release|Any CPU.ActiveCfg = Release|Any CPU
		{C8027B37-CD33-41B1-843D-F35F9EC6BBE9}.Release|Any CPU.Build.0 = Release|Any CPU
		{721CDC4F-EA78-48A6-8D5E-1C15A3EC2EAA}.Debug|Any CPU.ActiveCfg = Debug|Any CPU
		{721CDC4F-EA78-48A6-8D5E-1C15A3EC2EAA}.Debug|Any CPU.Build.0 = Debug|Any CPU
		{721CDC4F-EA78-48A6-8D5E-1C15A3EC2EAA}.Release|Any CPU.ActiveCfg = Release|Any CPU
		{721CDC4F-EA78-48A6-8D5E-1C15A3EC2EAA}.Release|Any CPU.Build.0 = Release|Any CPU
		{B3C0F8E4-1B76-4957-AD5E-B7A8218BC07F}.Debug|Any CPU.ActiveCfg = Debug|Any CPU
		{B3C0F8E4-1B76-4957-AD5E-B7A8218BC07F}.Debug|Any CPU.Build.0 = Debug|Any CPU
		{B3C0F8E4-1B76-4957-AD5E-B7A8218BC07F}.Release|Any CPU.ActiveCfg = Release|Any CPU
		{B3C0F8E4-1B76-4957-AD5E-B7A8218BC07F}.Release|Any CPU.Build.0 = Release|Any CPU
	EndGlobalSection
	GlobalSection(SolutionProperties) = preSolution
		HideSolutionNode = FALSE
	EndGlobalSection
	GlobalSection(ExtensibilityGlobals) = postSolution
		SolutionGuid = {73B78899-B25C-4FEA-B8B7-E863B819642E}
	EndGlobalSection
EndGlobal
