
Microsoft Visual Studio Solution File, Format Version 12.00
# Visual Studio Version 17
VisualStudioVersion = 17.1.32210.238
MinimumVisualStudioVersion = 10.0.40219.1
Project("{9A19103F-16F7-4668-BE54-9A1E7A4F7556}") = "SoftUniLogger", "SoftUniLogger\SoftUniLogger.csproj", "{B924031A-632A-4558-A00F-481813D86F65}"
EndProject
Project("{FAE04EC0-301F-11D3-BF4B-00C04F79EFBC}") = "ConsoleLogger", "ConsoleLogger\ConsoleLogger.csproj", "{28839335-971C-47AA-879D-9594B46DF647}"
EndProject
Global
	GlobalSection(SolutionConfigurationPlatforms) = preSolution
		Debug|Any CPU = Debug|Any CPU
		Release|Any CPU = Release|Any CPU
	EndGlobalSection
	GlobalSection(ProjectConfigurationPlatforms) = postSolution
		{B924031A-632A-4558-A00F-481813D86F65}.Debug|Any CPU.ActiveCfg = Debug|Any CPU
		{B924031A-632A-4558-A00F-481813D86F65}.Debug|Any CPU.Build.0 = Debug|Any CPU
		{B924031A-632A-4558-A00F-481813D86F65}.Release|Any CPU.ActiveCfg = Release|Any CPU
		{B924031A-632A-4558-A00F-481813D86F65}.Release|Any CPU.Build.0 = Release|Any CPU
		{28839335-971C-47AA-879D-9594B46DF647}.Debug|Any CPU.ActiveCfg = Debug|Any CPU
		{28839335-971C-47AA-879D-9594B46DF647}.Debug|Any CPU.Build.0 = Debug|Any CPU
		{28839335-971C-47AA-879D-9594B46DF647}.Release|Any CPU.ActiveCfg = Release|Any CPU
		{28839335-971C-47AA-879D-9594B46DF647}.Release|Any CPU.Build.0 = Release|Any CPU
	EndGlobalSection
	GlobalSection(SolutionProperties) = preSolution
		HideSolutionNode = FALSE
	EndGlobalSection
	GlobalSection(ExtensibilityGlobals) = postSolution
		SolutionGuid = {85ECEA2B-2AF3-4EF5-8970-9D46A5357035}
	EndGlobalSection
EndGlobal
