
Microsoft Visual Studio Solution File, Format Version 12.00
# Visual Studio Version 17
VisualStudioVersion = 17.1.32210.238
MinimumVisualStudioVersion = 10.0.40219.1
Project("{FAE04EC0-301F-11D3-BF4B-00C04F79EFBC}") = "01.Furniture", "01.Furniture\01.Furniture.csproj", "{86B8CD26-A373-4B30-9BE8-F69629503D66}"
EndProject
Project("{FAE04EC0-301F-11D3-BF4B-00C04F79EFBC}") = "02.Race", "02.Race\02.Race.csproj", "{957C104C-CED2-4D5F-9309-043C0C22F8F6}"
EndProject
Project("{FAE04EC0-301F-11D3-BF4B-00C04F79EFBC}") = "03.SoftUniBarIncome", "03.SoftUniBarIncome\03.SoftUniBarIncome.csproj", "{4578CE0A-0BC0-44DC-9977-E4C7C75DEC4D}"
EndProject
Project("{FAE04EC0-301F-11D3-BF4B-00C04F79EFBC}") = "04.StarEnigma", "04.StarEnigma\04.StarEnigma.csproj", "{15D04E4A-78FF-496B-9772-AA2465A08D1B}"
EndProject
Global
	GlobalSection(SolutionConfigurationPlatforms) = preSolution
		Debug|Any CPU = Debug|Any CPU
		Release|Any CPU = Release|Any CPU
	EndGlobalSection
	GlobalSection(ProjectConfigurationPlatforms) = postSolution
		{86B8CD26-A373-4B30-9BE8-F69629503D66}.Debug|Any CPU.ActiveCfg = Debug|Any CPU
		{86B8CD26-A373-4B30-9BE8-F69629503D66}.Debug|Any CPU.Build.0 = Debug|Any CPU
		{86B8CD26-A373-4B30-9BE8-F69629503D66}.Release|Any CPU.ActiveCfg = Release|Any CPU
		{86B8CD26-A373-4B30-9BE8-F69629503D66}.Release|Any CPU.Build.0 = Release|Any CPU
		{957C104C-CED2-4D5F-9309-043C0C22F8F6}.Debug|Any CPU.ActiveCfg = Debug|Any CPU
		{957C104C-CED2-4D5F-9309-043C0C22F8F6}.Debug|Any CPU.Build.0 = Debug|Any CPU
		{957C104C-CED2-4D5F-9309-043C0C22F8F6}.Release|Any CPU.ActiveCfg = Release|Any CPU
		{957C104C-CED2-4D5F-9309-043C0C22F8F6}.Release|Any CPU.Build.0 = Release|Any CPU
		{4578CE0A-0BC0-44DC-9977-E4C7C75DEC4D}.Debug|Any CPU.ActiveCfg = Debug|Any CPU
		{4578CE0A-0BC0-44DC-9977-E4C7C75DEC4D}.Debug|Any CPU.Build.0 = Debug|Any CPU
		{4578CE0A-0BC0-44DC-9977-E4C7C75DEC4D}.Release|Any CPU.ActiveCfg = Release|Any CPU
		{4578CE0A-0BC0-44DC-9977-E4C7C75DEC4D}.Release|Any CPU.Build.0 = Release|Any CPU
		{15D04E4A-78FF-496B-9772-AA2465A08D1B}.Debug|Any CPU.ActiveCfg = Debug|Any CPU
		{15D04E4A-78FF-496B-9772-AA2465A08D1B}.Debug|Any CPU.Build.0 = Debug|Any CPU
		{15D04E4A-78FF-496B-9772-AA2465A08D1B}.Release|Any CPU.ActiveCfg = Release|Any CPU
		{15D04E4A-78FF-496B-9772-AA2465A08D1B}.Release|Any CPU.Build.0 = Release|Any CPU
	EndGlobalSection
	GlobalSection(SolutionProperties) = preSolution
		HideSolutionNode = FALSE
	EndGlobalSection
	GlobalSection(ExtensibilityGlobals) = postSolution
		SolutionGuid = {0EFE2BB1-9DF5-45D1-89A6-7F7043B2AD3B}
	EndGlobalSection
EndGlobal
