
Microsoft Visual Studio Solution File, Format Version 12.00
# Visual Studio Version 17
VisualStudioVersion = 17.3.32922.545
MinimumVisualStudioVersion = 10.0.40219.1
Project("{FAE04EC0-301F-11D3-BF4B-00C04F79EFBC}") = "01Lootbox", "01Lootbox\01Lootbox.csproj", "{62621595-BABC-4CD8-BF95-110C387D55FF}"
EndProject
Project("{FAE04EC0-301F-11D3-BF4B-00C04F79EFBC}") = "02Re-Volt", "02Re-Volt\02Re-Volt.csproj", "{E03A24B7-69BB-46C3-9ED5-9623B7EF0FC2}"
EndProject
Project("{9A19103F-16F7-4668-BE54-9A1E7A4F7556}") = "Guild", "03Guild\Guild\Guild.csproj", "{679B3C8A-82BB-485D-8621-C9CAD8B1C0EC}"
EndProject
Global
	GlobalSection(SolutionConfigurationPlatforms) = preSolution
		Debug|Any CPU = Debug|Any CPU
		Release|Any CPU = Release|Any CPU
	EndGlobalSection
	GlobalSection(ProjectConfigurationPlatforms) = postSolution
		{62621595-BABC-4CD8-BF95-110C387D55FF}.Debug|Any CPU.ActiveCfg = Debug|Any CPU
		{62621595-BABC-4CD8-BF95-110C387D55FF}.Debug|Any CPU.Build.0 = Debug|Any CPU
		{62621595-BABC-4CD8-BF95-110C387D55FF}.Release|Any CPU.ActiveCfg = Release|Any CPU
		{62621595-BABC-4CD8-BF95-110C387D55FF}.Release|Any CPU.Build.0 = Release|Any CPU
		{E03A24B7-69BB-46C3-9ED5-9623B7EF0FC2}.Debug|Any CPU.ActiveCfg = Debug|Any CPU
		{E03A24B7-69BB-46C3-9ED5-9623B7EF0FC2}.Debug|Any CPU.Build.0 = Debug|Any CPU
		{E03A24B7-69BB-46C3-9ED5-9623B7EF0FC2}.Release|Any CPU.ActiveCfg = Release|Any CPU
		{E03A24B7-69BB-46C3-9ED5-9623B7EF0FC2}.Release|Any CPU.Build.0 = Release|Any CPU
		{679B3C8A-82BB-485D-8621-C9CAD8B1C0EC}.Debug|Any CPU.ActiveCfg = Debug|Any CPU
		{679B3C8A-82BB-485D-8621-C9CAD8B1C0EC}.Debug|Any CPU.Build.0 = Debug|Any CPU
		{679B3C8A-82BB-485D-8621-C9CAD8B1C0EC}.Release|Any CPU.ActiveCfg = Release|Any CPU
		{679B3C8A-82BB-485D-8621-C9CAD8B1C0EC}.Release|Any CPU.Build.0 = Release|Any CPU
	EndGlobalSection
	GlobalSection(SolutionProperties) = preSolution
		HideSolutionNode = FALSE
	EndGlobalSection
	GlobalSection(ExtensibilityGlobals) = postSolution
		SolutionGuid = {77AB118D-1FA7-4F7B-B8CF-03E3A62AA05C}
	EndGlobalSection
EndGlobal
