
Microsoft Visual Studio Solution File, Format Version 12.00
# Visual Studio Version 17
VisualStudioVersion = 17.1.32210.238
MinimumVisualStudioVersion = 10.0.40219.1
Project("{9A19103F-16F7-4668-BE54-9A1E7A4F7556}") = "P01. Numbers from 1 to 100", "P01. Numbers from 1 to 100\P01. Numbers from 1 to 100.csproj", "{3DB16C87-D227-4D56-90D1-CEE412668A23}"
EndProject
Project("{9A19103F-16F7-4668-BE54-9A1E7A4F7556}") = "P02. Numbers N1", "P02. Numbers N1\P02. Numbers N1.csproj", "{F58B8780-387C-439E-A554-54E9382BD3C9}"
EndProject
Project("{9A19103F-16F7-4668-BE54-9A1E7A4F7556}") = "P03. Numbers 1N with Step 3", "P03. Numbers 1N with Step 3\P03. Numbers 1N with Step 3.csproj", "{3B6FC34C-AEC5-4B15-813B-A5CC4939F5DF}"
EndProject
Project("{9A19103F-16F7-4668-BE54-9A1E7A4F7556}") = "P04. Even Powers of 2", "P04. Even Powers of 2\P04. Even Powers of 2.csproj", "{165EC814-92BB-4D07-9451-59DBB9D646FE}"
EndProject
Project("{9A19103F-16F7-4668-BE54-9A1E7A4F7556}") = "P05. Character Sequence", "P05. Character Sequence\P05. Character Sequence.csproj", "{71214467-494F-4E31-A7B7-D9391E58B255}"
EndProject
Project("{9A19103F-16F7-4668-BE54-9A1E7A4F7556}") = "P06. Vowels Sum", "P06. Vowels Sum\P06. Vowels Sum.csproj", "{B82BAE67-08B4-44E5-BB2F-3EC234AFB7F8}"
EndProject
Project("{9A19103F-16F7-4668-BE54-9A1E7A4F7556}") = "P07. Sum Numbers", "P 07. Sum Numbers\P07. Sum Numbers.csproj", "{3D6895CB-E3F3-478D-82E0-BD164C5D6372}"
EndProject
Project("{9A19103F-16F7-4668-BE54-9A1E7A4F7556}") = "P08. Number sequence", "P08. Number sequence\P08. Number sequence.csproj", "{D4C73DA9-2A85-4386-A881-6F6A8D5F94A1}"
EndProject
Project("{9A19103F-16F7-4668-BE54-9A1E7A4F7556}") = "P09.LeftAndRightSum", "P09.LeftAndRightSum\P09.LeftAndRightSum.csproj", "{50CCF3F3-D471-4880-8F16-7F92DAF22FD0}"
EndProject
Project("{9A19103F-16F7-4668-BE54-9A1E7A4F7556}") = "P10. Odd Even Sum", "P10. Odd Even Sum\P10. Odd Even Sum.csproj", "{9572A825-E15E-4A42-A9FB-0A66469EF9C1}"
EndProject
Project("{FAE04EC0-301F-11D3-BF4B-00C04F79EFBC}") = "тест", "тест\тест.csproj", "{443386C4-2E58-49FE-B693-87DF4F8CB32E}"
EndProject
Global
	GlobalSection(SolutionConfigurationPlatforms) = preSolution
		Debug|Any CPU = Debug|Any CPU
		Release|Any CPU = Release|Any CPU
	EndGlobalSection
	GlobalSection(ProjectConfigurationPlatforms) = postSolution
		{3DB16C87-D227-4D56-90D1-CEE412668A23}.Debug|Any CPU.ActiveCfg = Debug|Any CPU
		{3DB16C87-D227-4D56-90D1-CEE412668A23}.Debug|Any CPU.Build.0 = Debug|Any CPU
		{3DB16C87-D227-4D56-90D1-CEE412668A23}.Release|Any CPU.ActiveCfg = Release|Any CPU
		{3DB16C87-D227-4D56-90D1-CEE412668A23}.Release|Any CPU.Build.0 = Release|Any CPU
		{F58B8780-387C-439E-A554-54E9382BD3C9}.Debug|Any CPU.ActiveCfg = Debug|Any CPU
		{F58B8780-387C-439E-A554-54E9382BD3C9}.Debug|Any CPU.Build.0 = Debug|Any CPU
		{F58B8780-387C-439E-A554-54E9382BD3C9}.Release|Any CPU.ActiveCfg = Release|Any CPU
		{F58B8780-387C-439E-A554-54E9382BD3C9}.Release|Any CPU.Build.0 = Release|Any CPU
		{3B6FC34C-AEC5-4B15-813B-A5CC4939F5DF}.Debug|Any CPU.ActiveCfg = Debug|Any CPU
		{3B6FC34C-AEC5-4B15-813B-A5CC4939F5DF}.Debug|Any CPU.Build.0 = Debug|Any CPU
		{3B6FC34C-AEC5-4B15-813B-A5CC4939F5DF}.Release|Any CPU.ActiveCfg = Release|Any CPU
		{3B6FC34C-AEC5-4B15-813B-A5CC4939F5DF}.Release|Any CPU.Build.0 = Release|Any CPU
		{165EC814-92BB-4D07-9451-59DBB9D646FE}.Debug|Any CPU.ActiveCfg = Debug|Any CPU
		{165EC814-92BB-4D07-9451-59DBB9D646FE}.Debug|Any CPU.Build.0 = Debug|Any CPU
		{165EC814-92BB-4D07-9451-59DBB9D646FE}.Release|Any CPU.ActiveCfg = Release|Any CPU
		{165EC814-92BB-4D07-9451-59DBB9D646FE}.Release|Any CPU.Build.0 = Release|Any CPU
		{71214467-494F-4E31-A7B7-D9391E58B255}.Debug|Any CPU.ActiveCfg = Debug|Any CPU
		{71214467-494F-4E31-A7B7-D9391E58B255}.Debug|Any CPU.Build.0 = Debug|Any CPU
		{71214467-494F-4E31-A7B7-D9391E58B255}.Release|Any CPU.ActiveCfg = Release|Any CPU
		{71214467-494F-4E31-A7B7-D9391E58B255}.Release|Any CPU.Build.0 = Release|Any CPU
		{B82BAE67-08B4-44E5-BB2F-3EC234AFB7F8}.Debug|Any CPU.ActiveCfg = Debug|Any CPU
		{B82BAE67-08B4-44E5-BB2F-3EC234AFB7F8}.Debug|Any CPU.Build.0 = Debug|Any CPU
		{B82BAE67-08B4-44E5-BB2F-3EC234AFB7F8}.Release|Any CPU.ActiveCfg = Release|Any CPU
		{B82BAE67-08B4-44E5-BB2F-3EC234AFB7F8}.Release|Any CPU.Build.0 = Release|Any CPU
		{3D6895CB-E3F3-478D-82E0-BD164C5D6372}.Debug|Any CPU.ActiveCfg = Debug|Any CPU
		{3D6895CB-E3F3-478D-82E0-BD164C5D6372}.Debug|Any CPU.Build.0 = Debug|Any CPU
		{3D6895CB-E3F3-478D-82E0-BD164C5D6372}.Release|Any CPU.ActiveCfg = Release|Any CPU
		{3D6895CB-E3F3-478D-82E0-BD164C5D6372}.Release|Any CPU.Build.0 = Release|Any CPU
		{D4C73DA9-2A85-4386-A881-6F6A8D5F94A1}.Debug|Any CPU.ActiveCfg = Debug|Any CPU
		{D4C73DA9-2A85-4386-A881-6F6A8D5F94A1}.Debug|Any CPU.Build.0 = Debug|Any CPU
		{D4C73DA9-2A85-4386-A881-6F6A8D5F94A1}.Release|Any CPU.ActiveCfg = Release|Any CPU
		{D4C73DA9-2A85-4386-A881-6F6A8D5F94A1}.Release|Any CPU.Build.0 = Release|Any CPU
		{50CCF3F3-D471-4880-8F16-7F92DAF22FD0}.Debug|Any CPU.ActiveCfg = Debug|Any CPU
		{50CCF3F3-D471-4880-8F16-7F92DAF22FD0}.Debug|Any CPU.Build.0 = Debug|Any CPU
		{50CCF3F3-D471-4880-8F16-7F92DAF22FD0}.Release|Any CPU.ActiveCfg = Release|Any CPU
		{50CCF3F3-D471-4880-8F16-7F92DAF22FD0}.Release|Any CPU.Build.0 = Release|Any CPU
		{9572A825-E15E-4A42-A9FB-0A66469EF9C1}.Debug|Any CPU.ActiveCfg = Debug|Any CPU
		{9572A825-E15E-4A42-A9FB-0A66469EF9C1}.Debug|Any CPU.Build.0 = Debug|Any CPU
		{9572A825-E15E-4A42-A9FB-0A66469EF9C1}.Release|Any CPU.ActiveCfg = Release|Any CPU
		{9572A825-E15E-4A42-A9FB-0A66469EF9C1}.Release|Any CPU.Build.0 = Release|Any CPU
		{443386C4-2E58-49FE-B693-87DF4F8CB32E}.Debug|Any CPU.ActiveCfg = Debug|Any CPU
		{443386C4-2E58-49FE-B693-87DF4F8CB32E}.Debug|Any CPU.Build.0 = Debug|Any CPU
		{443386C4-2E58-49FE-B693-87DF4F8CB32E}.Release|Any CPU.ActiveCfg = Release|Any CPU
		{443386C4-2E58-49FE-B693-87DF4F8CB32E}.Release|Any CPU.Build.0 = Release|Any CPU
	EndGlobalSection
	GlobalSection(SolutionProperties) = preSolution
		HideSolutionNode = FALSE
	EndGlobalSection
	GlobalSection(ExtensibilityGlobals) = postSolution
		SolutionGuid = {7519B3AE-96F8-4ABA-A620-C214327303FD}
	EndGlobalSection
EndGlobal
