
Microsoft Visual Studio Solution File, Format Version 12.00
# Visual Studio Version 17
VisualStudioVersion = 17.3.32922.545
MinimumVisualStudioVersion = 10.0.40219.1
Project("{FAE04EC0-301F-11D3-BF4B-00C04F79EFBC}") = "01BakeryShop", "01BakeryShop\01BakeryShop.csproj", "{870FB77A-C99C-4817-8948-F26864413A99}"
EndProject
Project("{FAE04EC0-301F-11D3-BF4B-00C04F79EFBC}") = "02BeaverAtWork", "02BeaverAtWork\02BeaverAtWork.csproj", "{772CB61A-0FF5-4137-82DA-236BDFD706A7}"
EndProject
Global
	GlobalSection(SolutionConfigurationPlatforms) = preSolution
		Debug|Any CPU = Debug|Any CPU
		Release|Any CPU = Release|Any CPU
	EndGlobalSection
	GlobalSection(ProjectConfigurationPlatforms) = postSolution
		{870FB77A-C99C-4817-8948-F26864413A99}.Debug|Any CPU.ActiveCfg = Debug|Any CPU
		{870FB77A-C99C-4817-8948-F26864413A99}.Debug|Any CPU.Build.0 = Debug|Any CPU
		{870FB77A-C99C-4817-8948-F26864413A99}.Release|Any CPU.ActiveCfg = Release|Any CPU
		{870FB77A-C99C-4817-8948-F26864413A99}.Release|Any CPU.Build.0 = Release|Any CPU
		{772CB61A-0FF5-4137-82DA-236BDFD706A7}.Debug|Any CPU.ActiveCfg = Debug|Any CPU
		{772CB61A-0FF5-4137-82DA-236BDFD706A7}.Debug|Any CPU.Build.0 = Debug|Any CPU
		{772CB61A-0FF5-4137-82DA-236BDFD706A7}.Release|Any CPU.ActiveCfg = Release|Any CPU
		{772CB61A-0FF5-4137-82DA-236BDFD706A7}.Release|Any CPU.Build.0 = Release|Any CPU
	EndGlobalSection
	GlobalSection(SolutionProperties) = preSolution
		HideSolutionNode = FALSE
	EndGlobalSection
	GlobalSection(ExtensibilityGlobals) = postSolution
		SolutionGuid = {FBB3BCFD-0870-49B4-8B29-021F4B891209}
	EndGlobalSection
EndGlobal
