
Microsoft Visual Studio Solution File, Format Version 12.00
# Visual Studio Version 17
VisualStudioVersion = 17.0.32126.317
MinimumVisualStudioVersion = 10.0.40219.1
Project("{9A19103F-16F7-4668-BE54-9A1E7A4F7556}") = "04.Snowwhite", "04.Snowwhite\04.Snowwhite.csproj", "{994A4B0B-255C-466D-A7EE-F001190CBEE6}"
EndProject
Project("{FAE04EC0-301F-11D3-BF4B-00C04F79EFBC}") = "01", "01\01.csproj", "{5D8B866D-5345-4BD9-9D8A-E946B66EF83A}"
EndProject
Global
	GlobalSection(SolutionConfigurationPlatforms) = preSolution
		Debug|Any CPU = Debug|Any CPU
		Release|Any CPU = Release|Any CPU
	EndGlobalSection
	GlobalSection(ProjectConfigurationPlatforms) = postSolution
		{994A4B0B-255C-466D-A7EE-F001190CBEE6}.Debug|Any CPU.ActiveCfg = Debug|Any CPU
		{994A4B0B-255C-466D-A7EE-F001190CBEE6}.Debug|Any CPU.Build.0 = Debug|Any CPU
		{994A4B0B-255C-466D-A7EE-F001190CBEE6}.Release|Any CPU.ActiveCfg = Release|Any CPU
		{994A4B0B-255C-466D-A7EE-F001190CBEE6}.Release|Any CPU.Build.0 = Release|Any CPU
		{5D8B866D-5345-4BD9-9D8A-E946B66EF83A}.Debug|Any CPU.ActiveCfg = Debug|Any CPU
		{5D8B866D-5345-4BD9-9D8A-E946B66EF83A}.Debug|Any CPU.Build.0 = Debug|Any CPU
		{5D8B866D-5345-4BD9-9D8A-E946B66EF83A}.Release|Any CPU.ActiveCfg = Release|Any CPU
		{5D8B866D-5345-4BD9-9D8A-E946B66EF83A}.Release|Any CPU.Build.0 = Release|Any CPU
	EndGlobalSection
	GlobalSection(SolutionProperties) = preSolution
		HideSolutionNode = FALSE
	EndGlobalSection
	GlobalSection(ExtensibilityGlobals) = postSolution
		SolutionGuid = {4B69C27D-5A54-401F-83FF-55DFAFAAA624}
	EndGlobalSection
EndGlobal
