
Microsoft Visual Studio Solution File, Format Version 12.00
# Visual Studio Version 17
VisualStudioVersion = 17.7.34202.233
MinimumVisualStudioVersion = 10.0.40219.1
Project("{9A19103F-16F7-4668-BE54-9A1E7A4F7556}") = "MVCIntroDemo", "MVCIntroDemo\MVCIntroDemo.csproj", "{894A2E08-DB35-4004-B78D-178EA9C43B8F}"
EndProject
Project("{9A19103F-16F7-4668-BE54-9A1E7A4F7556}") = "ChatApp", "ChatApp\ChatApp.csproj", "{2B49DC42-66CB-4D7F-91A6-61C46AE1ADF8}"
EndProject
Project("{9A19103F-16F7-4668-BE54-9A1E7A4F7556}") = "TextSplitter", "TextSplitter\TextSplitter.csproj", "{C8688F95-22AE-43C5-BA6F-035EAFB1AA92}"
EndProject
Global
	GlobalSection(SolutionConfigurationPlatforms) = preSolution
		Debug|Any CPU = Debug|Any CPU
		Release|Any CPU = Release|Any CPU
	EndGlobalSection
	GlobalSection(ProjectConfigurationPlatforms) = postSolution
		{894A2E08-DB35-4004-B78D-178EA9C43B8F}.Debug|Any CPU.ActiveCfg = Debug|Any CPU
		{894A2E08-DB35-4004-B78D-178EA9C43B8F}.Debug|Any CPU.Build.0 = Debug|Any CPU
		{894A2E08-DB35-4004-B78D-178EA9C43B8F}.Release|Any CPU.ActiveCfg = Release|Any CPU
		{894A2E08-DB35-4004-B78D-178EA9C43B8F}.Release|Any CPU.Build.0 = Release|Any CPU
		{2B49DC42-66CB-4D7F-91A6-61C46AE1ADF8}.Debug|Any CPU.ActiveCfg = Debug|Any CPU
		{2B49DC42-66CB-4D7F-91A6-61C46AE1ADF8}.Debug|Any CPU.Build.0 = Debug|Any CPU
		{2B49DC42-66CB-4D7F-91A6-61C46AE1ADF8}.Release|Any CPU.ActiveCfg = Release|Any CPU
		{2B49DC42-66CB-4D7F-91A6-61C46AE1ADF8}.Release|Any CPU.Build.0 = Release|Any CPU
		{C8688F95-22AE-43C5-BA6F-035EAFB1AA92}.Debug|Any CPU.ActiveCfg = Debug|Any CPU
		{C8688F95-22AE-43C5-BA6F-035EAFB1AA92}.Debug|Any CPU.Build.0 = Debug|Any CPU
		{C8688F95-22AE-43C5-BA6F-035EAFB1AA92}.Release|Any CPU.ActiveCfg = Release|Any CPU
		{C8688F95-22AE-43C5-BA6F-035EAFB1AA92}.Release|Any CPU.Build.0 = Release|Any CPU
	EndGlobalSection
	GlobalSection(SolutionProperties) = preSolution
		HideSolutionNode = FALSE
	EndGlobalSection
	GlobalSection(ExtensibilityGlobals) = postSolution
		SolutionGuid = {FCDF2B08-F50F-4D13-91A7-03DAE6A35A9E}
	EndGlobalSection
EndGlobal
