
Microsoft Visual Studio Solution File, Format Version 12.00
# Visual Studio Version 17
VisualStudioVersion = 17.4.33110.190
MinimumVisualStudioVersion = 10.0.40219.1
Project("{FAE04EC0-301F-11D3-BF4B-00C04F79EFBC}") = "SoftUni", "SoftUni\SoftUni.csproj", "{B38B11AB-1BFE-4D05-A29D-A80C03CEC02F}"
EndProject
Global
	GlobalSection(SolutionConfigurationPlatforms) = preSolution
		Debug|Any CPU = Debug|Any CPU
		Release|Any CPU = Release|Any CPU
	EndGlobalSection
	GlobalSection(ProjectConfigurationPlatforms) = postSolution
		{B38B11AB-1BFE-4D05-A29D-A80C03CEC02F}.Debug|Any CPU.ActiveCfg = Debug|Any CPU
		{B38B11AB-1BFE-4D05-A29D-A80C03CEC02F}.Debug|Any CPU.Build.0 = Debug|Any CPU
		{B38B11AB-1BFE-4D05-A29D-A80C03CEC02F}.Release|Any CPU.ActiveCfg = Release|Any CPU
		{B38B11AB-1BFE-4D05-A29D-A80C03CEC02F}.Release|Any CPU.Build.0 = Release|Any CPU
	EndGlobalSection
	GlobalSection(SolutionProperties) = preSolution
		HideSolutionNode = FALSE
	EndGlobalSection
	GlobalSection(ExtensibilityGlobals) = postSolution
		SolutionGuid = {99C47AEC-0C6C-40AE-8639-6FD9DF3425BD}
	EndGlobalSection
EndGlobal
