
Microsoft Visual Studio Solution File, Format Version 12.00
# Visual Studio Version 17
VisualStudioVersion = 17.3.32922.545
MinimumVisualStudioVersion = 10.0.40219.1
Project("{FAE04EC0-301F-11D3-BF4B-00C04F79EFBC}") = "01Box", "01Box\01Box.csproj", "{8E52797F-D07E-46F0-B23A-3FDD018697AB}"
EndProject
Project("{FAE04EC0-301F-11D3-BF4B-00C04F79EFBC}") = "DEMO", "DEMO\DEMO.csproj", "{6B043EEE-2952-4785-916B-EC6CFF607CB8}"
EndProject
Global
	GlobalSection(SolutionConfigurationPlatforms) = preSolution
		Debug|Any CPU = Debug|Any CPU
		Release|Any CPU = Release|Any CPU
	EndGlobalSection
	GlobalSection(ProjectConfigurationPlatforms) = postSolution
		{8E52797F-D07E-46F0-B23A-3FDD018697AB}.Debug|Any CPU.ActiveCfg = Debug|Any CPU
		{8E52797F-D07E-46F0-B23A-3FDD018697AB}.Debug|Any CPU.Build.0 = Debug|Any CPU
		{8E52797F-D07E-46F0-B23A-3FDD018697AB}.Release|Any CPU.ActiveCfg = Release|Any CPU
		{8E52797F-D07E-46F0-B23A-3FDD018697AB}.Release|Any CPU.Build.0 = Release|Any CPU
		{6B043EEE-2952-4785-916B-EC6CFF607CB8}.Debug|Any CPU.ActiveCfg = Debug|Any CPU
		{6B043EEE-2952-4785-916B-EC6CFF607CB8}.Debug|Any CPU.Build.0 = Debug|Any CPU
		{6B043EEE-2952-4785-916B-EC6CFF607CB8}.Release|Any CPU.ActiveCfg = Release|Any CPU
		{6B043EEE-2952-4785-916B-EC6CFF607CB8}.Release|Any CPU.Build.0 = Release|Any CPU
	EndGlobalSection
	GlobalSection(SolutionProperties) = preSolution
		HideSolutionNode = FALSE
	EndGlobalSection
	GlobalSection(ExtensibilityGlobals) = postSolution
		SolutionGuid = {B27375F5-0EC6-4F8B-9357-39B618866585}
	EndGlobalSection
EndGlobal
