
Microsoft Visual Studio Solution File, Format Version 12.00
# Visual Studio Version 17
VisualStudioVersion = 17.4.33110.190
MinimumVisualStudioVersion = 10.0.40219.1
Project("{9A19103F-16F7-4668-BE54-9A1E7A4F7556}") = "Database.Tests", "01Database\Database.Tests\Database.Tests.csproj", "{CC5A3B41-0C33-4379-B024-6F65E6F7A224}"
EndProject
Global
	GlobalSection(SolutionConfigurationPlatforms) = preSolution
		Debug|Any CPU = Debug|Any CPU
		Release|Any CPU = Release|Any CPU
	EndGlobalSection
	GlobalSection(ProjectConfigurationPlatforms) = postSolution
		{CC5A3B41-0C33-4379-B024-6F65E6F7A224}.Debug|Any CPU.ActiveCfg = Debug|Any CPU
		{CC5A3B41-0C33-4379-B024-6F65E6F7A224}.Debug|Any CPU.Build.0 = Debug|Any CPU
		{CC5A3B41-0C33-4379-B024-6F65E6F7A224}.Release|Any CPU.ActiveCfg = Release|Any CPU
		{CC5A3B41-0C33-4379-B024-6F65E6F7A224}.Release|Any CPU.Build.0 = Release|Any CPU
	EndGlobalSection
	GlobalSection(SolutionProperties) = preSolution
		HideSolutionNode = FALSE
	EndGlobalSection
	GlobalSection(ExtensibilityGlobals) = postSolution
		SolutionGuid = {A3DD76D7-D0DA-4CFF-8E86-6848DFD58633}
	EndGlobalSection
EndGlobal
