
Microsoft Visual Studio Solution File, Format Version 12.00
# Visual Studio Version 17
VisualStudioVersion = 17.1.32210.238
MinimumVisualStudioVersion = 10.0.40219.1
Project("{FAE04EC0-301F-11D3-BF4B-00C04F79EFBC}") = "SoftUni", "SoftUni\SoftUni.csproj", "{9160BAA5-F618-46F6-936E-4F786EEFC3A6}"
EndProject
Global
	GlobalSection(SolutionConfigurationPlatforms) = preSolution
		Debug|Any CPU = Debug|Any CPU
		Release|Any CPU = Release|Any CPU
	EndGlobalSection
	GlobalSection(ProjectConfigurationPlatforms) = postSolution
		{9160BAA5-F618-46F6-936E-4F786EEFC3A6}.Debug|Any CPU.ActiveCfg = Debug|Any CPU
		{9160BAA5-F618-46F6-936E-4F786EEFC3A6}.Debug|Any CPU.Build.0 = Debug|Any CPU
		{9160BAA5-F618-46F6-936E-4F786EEFC3A6}.Release|Any CPU.ActiveCfg = Release|Any CPU
		{9160BAA5-F618-46F6-936E-4F786EEFC3A6}.Release|Any CPU.Build.0 = Release|Any CPU
	EndGlobalSection
	GlobalSection(SolutionProperties) = preSolution
		HideSolutionNode = FALSE
	EndGlobalSection
	GlobalSection(ExtensibilityGlobals) = postSolution
		SolutionGuid = {637CEE37-9169-4D9E-BADD-1E61D20087B7}
	EndGlobalSection
EndGlobal
