
Microsoft Visual Studio Solution File, Format Version 12.00
# Visual Studio Version 17
VisualStudioVersion = 17.3.32922.545
MinimumVisualStudioVersion = 10.0.40219.1
Project("{FAE04EC0-301F-11D3-BF4B-00C04F79EFBC}") = "01RecursiveArraySum", "01RecursiveArraySum\01RecursiveArraySum.csproj", "{04C97C9A-3D40-4F69-ACF1-6E95DCCCA339}"
EndProject
Project("{FAE04EC0-301F-11D3-BF4B-00C04F79EFBC}") = "02RecursiveFactorial", "02RecursiveFactorial\02RecursiveFactorial.csproj", "{EE86C6DA-31D8-4F2B-B4BD-E35224ECEFE9}"
EndProject
Project("{FAE04EC0-301F-11D3-BF4B-00C04F79EFBC}") = "Fibonacci", "Fibonacci\Fibonacci.csproj", "{FDAD9450-3002-4E69-AB99-F4CE464D7BD2}"
EndProject
Project("{FAE04EC0-301F-11D3-BF4B-00C04F79EFBC}") = "03SumOfCoins", "03SumOfCoins\03SumOfCoins.csproj", "{F26D4660-604D-4C92-9688-1FD8B3259124}"
EndProject
Project("{FAE04EC0-301F-11D3-BF4B-00C04F79EFBC}") = "04SetCover", "04SetCover\04SetCover.csproj", "{7250A7AD-B084-4F75-A9DB-DEE7669F05C1}"
EndProject
Project("{FAE04EC0-301F-11D3-BF4B-00C04F79EFBC}") = "05MergeSort", "05MergeSort\05MergeSort.csproj", "{B224BE7D-2C6D-4575-9194-D0F51C4EC772}"
EndProject
Project("{FAE04EC0-301F-11D3-BF4B-00C04F79EFBC}") = "06Quicksort", "06Quicksort\06Quicksort.csproj", "{0526799C-19B7-4722-909F-84F597560D1E}"
EndProject
Project("{FAE04EC0-301F-11D3-BF4B-00C04F79EFBC}") = "07BinarySearch", "07BinarySearch\07BinarySearch.csproj", "{375B9ABB-E550-4F70-8746-264CEFCBDE84}"
EndProject
Global
	GlobalSection(SolutionConfigurationPlatforms) = preSolution
		Debug|Any CPU = Debug|Any CPU
		Release|Any CPU = Release|Any CPU
	EndGlobalSection
	GlobalSection(ProjectConfigurationPlatforms) = postSolution
		{04C97C9A-3D40-4F69-ACF1-6E95DCCCA339}.Debug|Any CPU.ActiveCfg = Debug|Any CPU
		{04C97C9A-3D40-4F69-ACF1-6E95DCCCA339}.Debug|Any CPU.Build.0 = Debug|Any CPU
		{04C97C9A-3D40-4F69-ACF1-6E95DCCCA339}.Release|Any CPU.ActiveCfg = Release|Any CPU
		{04C97C9A-3D40-4F69-ACF1-6E95DCCCA339}.Release|Any CPU.Build.0 = Release|Any CPU
		{EE86C6DA-31D8-4F2B-B4BD-E35224ECEFE9}.Debug|Any CPU.ActiveCfg = Debug|Any CPU
		{EE86C6DA-31D8-4F2B-B4BD-E35224ECEFE9}.Debug|Any CPU.Build.0 = Debug|Any CPU
		{EE86C6DA-31D8-4F2B-B4BD-E35224ECEFE9}.Release|Any CPU.ActiveCfg = Release|Any CPU
		{EE86C6DA-31D8-4F2B-B4BD-E35224ECEFE9}.Release|Any CPU.Build.0 = Release|Any CPU
		{FDAD9450-3002-4E69-AB99-F4CE464D7BD2}.Debug|Any CPU.ActiveCfg = Debug|Any CPU
		{FDAD9450-3002-4E69-AB99-F4CE464D7BD2}.Debug|Any CPU.Build.0 = Debug|Any CPU
		{FDAD9450-3002-4E69-AB99-F4CE464D7BD2}.Release|Any CPU.ActiveCfg = Release|Any CPU
		{FDAD9450-3002-4E69-AB99-F4CE464D7BD2}.Release|Any CPU.Build.0 = Release|Any CPU
		{F26D4660-604D-4C92-9688-1FD8B3259124}.Debug|Any CPU.ActiveCfg = Debug|Any CPU
		{F26D4660-604D-4C92-9688-1FD8B3259124}.Debug|Any CPU.Build.0 = Debug|Any CPU
		{F26D4660-604D-4C92-9688-1FD8B3259124}.Release|Any CPU.ActiveCfg = Release|Any CPU
		{F26D4660-604D-4C92-9688-1FD8B3259124}.Release|Any CPU.Build.0 = Release|Any CPU
		{7250A7AD-B084-4F75-A9DB-DEE7669F05C1}.Debug|Any CPU.ActiveCfg = Debug|Any CPU
		{7250A7AD-B084-4F75-A9DB-DEE7669F05C1}.Debug|Any CPU.Build.0 = Debug|Any CPU
		{7250A7AD-B084-4F75-A9DB-DEE7669F05C1}.Release|Any CPU.ActiveCfg = Release|Any CPU
		{7250A7AD-B084-4F75-A9DB-DEE7669F05C1}.Release|Any CPU.Build.0 = Release|Any CPU
		{B224BE7D-2C6D-4575-9194-D0F51C4EC772}.Debug|Any CPU.ActiveCfg = Debug|Any CPU
		{B224BE7D-2C6D-4575-9194-D0F51C4EC772}.Debug|Any CPU.Build.0 = Debug|Any CPU
		{B224BE7D-2C6D-4575-9194-D0F51C4EC772}.Release|Any CPU.ActiveCfg = Release|Any CPU
		{B224BE7D-2C6D-4575-9194-D0F51C4EC772}.Release|Any CPU.Build.0 = Release|Any CPU
		{0526799C-19B7-4722-909F-84F597560D1E}.Debug|Any CPU.ActiveCfg = Debug|Any CPU
		{0526799C-19B7-4722-909F-84F597560D1E}.Debug|Any CPU.Build.0 = Debug|Any CPU
		{0526799C-19B7-4722-909F-84F597560D1E}.Release|Any CPU.ActiveCfg = Release|Any CPU
		{0526799C-19B7-4722-909F-84F597560D1E}.Release|Any CPU.Build.0 = Release|Any CPU
		{375B9ABB-E550-4F70-8746-264CEFCBDE84}.Debug|Any CPU.ActiveCfg = Debug|Any CPU
		{375B9ABB-E550-4F70-8746-264CEFCBDE84}.Debug|Any CPU.Build.0 = Debug|Any CPU
		{375B9ABB-E550-4F70-8746-264CEFCBDE84}.Release|Any CPU.ActiveCfg = Release|Any CPU
		{375B9ABB-E550-4F70-8746-264CEFCBDE84}.Release|Any CPU.Build.0 = Release|Any CPU
	EndGlobalSection
	GlobalSection(SolutionProperties) = preSolution
		HideSolutionNode = FALSE
	EndGlobalSection
	GlobalSection(ExtensibilityGlobals) = postSolution
		SolutionGuid = {79539EB1-B46A-4246-8456-30CE1BF88A3B}
	EndGlobalSection
EndGlobal
