
Microsoft Visual Studio Solution File, Format Version 12.00
# Visual Studio Version 17
VisualStudioVersion = 17.0.32126.317
MinimumVisualStudioVersion = 10.0.40219.1
Project("{FAE04EC0-301F-11D3-BF4B-00C04F79EFBC}") = "01. Advertisement Message", "01. Advertisement Message\01. Advertisement Message.csproj", "{E5C60E84-C76B-40E1-9050-D7192B33ACA1}"
EndProject
Global
	GlobalSection(SolutionConfigurationPlatforms) = preSolution
		Debug|Any CPU = Debug|Any CPU
		Release|Any CPU = Release|Any CPU
	EndGlobalSection
	GlobalSection(ProjectConfigurationPlatforms) = postSolution
		{E5C60E84-C76B-40E1-9050-D7192B33ACA1}.Debug|Any CPU.ActiveCfg = Debug|Any CPU
		{E5C60E84-C76B-40E1-9050-D7192B33ACA1}.Debug|Any CPU.Build.0 = Debug|Any CPU
		{E5C60E84-C76B-40E1-9050-D7192B33ACA1}.Release|Any CPU.ActiveCfg = Release|Any CPU
		{E5C60E84-C76B-40E1-9050-D7192B33ACA1}.Release|Any CPU.Build.0 = Release|Any CPU
	EndGlobalSection
	GlobalSection(SolutionProperties) = preSolution
		HideSolutionNode = FALSE
	EndGlobalSection
	GlobalSection(ExtensibilityGlobals) = postSolution
		SolutionGuid = {2C5D7E1F-B0C2-4238-8B26-6DD558C9B34D}
	EndGlobalSection
EndGlobal
