
Microsoft Visual Studio Solution File, Format Version 12.00
# Visual Studio Version 17
VisualStudioVersion = 17.1.32210.238
MinimumVisualStudioVersion = 10.0.40219.1
Project("{FAE04EC0-301F-11D3-BF4B-00C04F79EFBC}") = "SoftUni", "02DatabaseFirst\SoftUni.csproj", "{D5B864DF-23BD-4063-A025-C35A041E9F65}"
EndProject
Global
	GlobalSection(SolutionConfigurationPlatforms) = preSolution
		Debug|Any CPU = Debug|Any CPU
		Release|Any CPU = Release|Any CPU
	EndGlobalSection
	GlobalSection(ProjectConfigurationPlatforms) = postSolution
		{D5B864DF-23BD-4063-A025-C35A041E9F65}.Debug|Any CPU.ActiveCfg = Debug|Any CPU
		{D5B864DF-23BD-4063-A025-C35A041E9F65}.Debug|Any CPU.Build.0 = Debug|Any CPU
		{D5B864DF-23BD-4063-A025-C35A041E9F65}.Release|Any CPU.ActiveCfg = Release|Any CPU
		{D5B864DF-23BD-4063-A025-C35A041E9F65}.Release|Any CPU.Build.0 = Release|Any CPU
	EndGlobalSection
	GlobalSection(SolutionProperties) = preSolution
		HideSolutionNode = FALSE
	EndGlobalSection
	GlobalSection(ExtensibilityGlobals) = postSolution
		SolutionGuid = {64C4F486-1B37-43C9-82EC-C3AFEB0FB4A6}
	EndGlobalSection
EndGlobal
