
Microsoft Visual Studio Solution File, Format Version 12.00
# Visual Studio Version 17
VisualStudioVersion = 17.3.32922.545
MinimumVisualStudioVersion = 10.0.40219.1
Project("{FAE04EC0-301F-11D3-BF4B-00C04F79EFBC}") = "01Bombs", "01Bombs\01Bombs.csproj", "{6508C3AE-416E-42F6-B0C0-290B9A78E51F}"
EndProject
Project("{FAE04EC0-301F-11D3-BF4B-00C04F79EFBC}") = "02Snake", "02Snake\02Snake.csproj", "{0AC9FA8E-D874-4873-8CC0-57FBDA0164F6}"
EndProject
Project("{9A19103F-16F7-4668-BE54-9A1E7A4F7556}") = "Parking", "03Parking\Parking\Parking\Parking.csproj", "{97F65259-6098-48CA-A17F-8FC4174DE32C}"
EndProject
Global
	GlobalSection(SolutionConfigurationPlatforms) = preSolution
		Debug|Any CPU = Debug|Any CPU
		Release|Any CPU = Release|Any CPU
	EndGlobalSection
	GlobalSection(ProjectConfigurationPlatforms) = postSolution
		{6508C3AE-416E-42F6-B0C0-290B9A78E51F}.Debug|Any CPU.ActiveCfg = Debug|Any CPU
		{6508C3AE-416E-42F6-B0C0-290B9A78E51F}.Debug|Any CPU.Build.0 = Debug|Any CPU
		{6508C3AE-416E-42F6-B0C0-290B9A78E51F}.Release|Any CPU.ActiveCfg = Release|Any CPU
		{6508C3AE-416E-42F6-B0C0-290B9A78E51F}.Release|Any CPU.Build.0 = Release|Any CPU
		{0AC9FA8E-D874-4873-8CC0-57FBDA0164F6}.Debug|Any CPU.ActiveCfg = Debug|Any CPU
		{0AC9FA8E-D874-4873-8CC0-57FBDA0164F6}.Debug|Any CPU.Build.0 = Debug|Any CPU
		{0AC9FA8E-D874-4873-8CC0-57FBDA0164F6}.Release|Any CPU.ActiveCfg = Release|Any CPU
		{0AC9FA8E-D874-4873-8CC0-57FBDA0164F6}.Release|Any CPU.Build.0 = Release|Any CPU
		{97F65259-6098-48CA-A17F-8FC4174DE32C}.Debug|Any CPU.ActiveCfg = Debug|Any CPU
		{97F65259-6098-48CA-A17F-8FC4174DE32C}.Debug|Any CPU.Build.0 = Debug|Any CPU
		{97F65259-6098-48CA-A17F-8FC4174DE32C}.Release|Any CPU.ActiveCfg = Release|Any CPU
		{97F65259-6098-48CA-A17F-8FC4174DE32C}.Release|Any CPU.Build.0 = Release|Any CPU
	EndGlobalSection
	GlobalSection(SolutionProperties) = preSolution
		HideSolutionNode = FALSE
	EndGlobalSection
	GlobalSection(ExtensibilityGlobals) = postSolution
		SolutionGuid = {2E0F63D1-B109-4DD3-9537-E887152466DA}
	EndGlobalSection
EndGlobal
