
Microsoft Visual Studio Solution File, Format Version 12.00
# Visual Studio Version 17
VisualStudioVersion = 17.3.32922.545
MinimumVisualStudioVersion = 10.0.40219.1
Project("{9A19103F-16F7-4668-BE54-9A1E7A4F7556}") = "01TilesMaster", "01TilesMaster\01TilesMaster.csproj", "{2C2E9533-28B9-4ADD-9545-FA23E11CDD75}"
EndProject
Project("{9A19103F-16F7-4668-BE54-9A1E7A4F7556}") = "02WallDestroyer", "02WallDestroyer\02WallDestroyer.csproj", "{99C1CACA-B0AB-4EF8-AD87-60EC597C135F}"
EndProject
Project("{9A19103F-16F7-4668-BE54-9A1E7A4F7556}") = "Renovators", "03. Renovators_Skeleton\Renovators.csproj", "{EF519CB1-7A4A-483F-AB10-93B9DE385446}"
EndProject
Global
	GlobalSection(SolutionConfigurationPlatforms) = preSolution
		Debug|Any CPU = Debug|Any CPU
		Release|Any CPU = Release|Any CPU
	EndGlobalSection
	GlobalSection(ProjectConfigurationPlatforms) = postSolution
		{2C2E9533-28B9-4ADD-9545-FA23E11CDD75}.Debug|Any CPU.ActiveCfg = Debug|Any CPU
		{2C2E9533-28B9-4ADD-9545-FA23E11CDD75}.Debug|Any CPU.Build.0 = Debug|Any CPU
		{2C2E9533-28B9-4ADD-9545-FA23E11CDD75}.Release|Any CPU.ActiveCfg = Release|Any CPU
		{2C2E9533-28B9-4ADD-9545-FA23E11CDD75}.Release|Any CPU.Build.0 = Release|Any CPU
		{99C1CACA-B0AB-4EF8-AD87-60EC597C135F}.Debug|Any CPU.ActiveCfg = Debug|Any CPU
		{99C1CACA-B0AB-4EF8-AD87-60EC597C135F}.Debug|Any CPU.Build.0 = Debug|Any CPU
		{99C1CACA-B0AB-4EF8-AD87-60EC597C135F}.Release|Any CPU.ActiveCfg = Release|Any CPU
		{99C1CACA-B0AB-4EF8-AD87-60EC597C135F}.Release|Any CPU.Build.0 = Release|Any CPU
		{EF519CB1-7A4A-483F-AB10-93B9DE385446}.Debug|Any CPU.ActiveCfg = Debug|Any CPU
		{EF519CB1-7A4A-483F-AB10-93B9DE385446}.Debug|Any CPU.Build.0 = Debug|Any CPU
		{EF519CB1-7A4A-483F-AB10-93B9DE385446}.Release|Any CPU.ActiveCfg = Release|Any CPU
		{EF519CB1-7A4A-483F-AB10-93B9DE385446}.Release|Any CPU.Build.0 = Release|Any CPU
	EndGlobalSection
	GlobalSection(SolutionProperties) = preSolution
		HideSolutionNode = FALSE
	EndGlobalSection
	GlobalSection(ExtensibilityGlobals) = postSolution
		SolutionGuid = {08B09C5A-EB18-441D-BD4B-87D0C80AFE62}
	EndGlobalSection
EndGlobal
