
Microsoft Visual Studio Solution File, Format Version 12.00
# Visual Studio Version 17
VisualStudioVersion = 17.1.32210.238
MinimumVisualStudioVersion = 10.0.40219.1
Project("{FAE04EC0-301F-11D3-BF4B-00C04F79EFBC}") = "01. Clock", "01. Clock\01. Clock.csproj", "{5491FC1B-4445-493A-903C-DE77C47C1D59}"
EndProject
Project("{FAE04EC0-301F-11D3-BF4B-00C04F79EFBC}") = "P02. Multiplication Table", "P02. Multiplication Table\P02. Multiplication Table.csproj", "{959F6BE6-CC73-4C02-9056-15898B8559A2}"
EndProject
Project("{FAE04EC0-301F-11D3-BF4B-00C04F79EFBC}") = "P03.Combinations", "P03.Combinations\P03.Combinations.csproj", "{DCED6006-3D12-4E42-9F95-935DA746BE75}"
EndProject
Project("{FAE04EC0-301F-11D3-BF4B-00C04F79EFBC}") = "P04.SumOfTwoNums", "P04.SumOfTwoNums\P04.SumOfTwoNums.csproj", "{6D27FAD1-C5DC-420B-A641-4850C61D95D4}"
EndProject
Project("{FAE04EC0-301F-11D3-BF4B-00C04F79EFBC}") = "P05.Travelling", "P05.Travelling\P05.Travelling.csproj", "{6EE87897-B7FB-4A93-ACC3-3507DDAC89A6}"
EndProject
Project("{FAE04EC0-301F-11D3-BF4B-00C04F79EFBC}") = "P06.Building", "P06.Building\P06.Building.csproj", "{16F48D02-CF65-43EF-8280-348C07E73C26}"
EndProject
Global
	GlobalSection(SolutionConfigurationPlatforms) = preSolution
		Debug|Any CPU = Debug|Any CPU
		Release|Any CPU = Release|Any CPU
	EndGlobalSection
	GlobalSection(ProjectConfigurationPlatforms) = postSolution
		{5491FC1B-4445-493A-903C-DE77C47C1D59}.Debug|Any CPU.ActiveCfg = Debug|Any CPU
		{5491FC1B-4445-493A-903C-DE77C47C1D59}.Debug|Any CPU.Build.0 = Debug|Any CPU
		{5491FC1B-4445-493A-903C-DE77C47C1D59}.Release|Any CPU.ActiveCfg = Release|Any CPU
		{5491FC1B-4445-493A-903C-DE77C47C1D59}.Release|Any CPU.Build.0 = Release|Any CPU
		{959F6BE6-CC73-4C02-9056-15898B8559A2}.Debug|Any CPU.ActiveCfg = Debug|Any CPU
		{959F6BE6-CC73-4C02-9056-15898B8559A2}.Debug|Any CPU.Build.0 = Debug|Any CPU
		{959F6BE6-CC73-4C02-9056-15898B8559A2}.Release|Any CPU.ActiveCfg = Release|Any CPU
		{959F6BE6-CC73-4C02-9056-15898B8559A2}.Release|Any CPU.Build.0 = Release|Any CPU
		{DCED6006-3D12-4E42-9F95-935DA746BE75}.Debug|Any CPU.ActiveCfg = Debug|Any CPU
		{DCED6006-3D12-4E42-9F95-935DA746BE75}.Debug|Any CPU.Build.0 = Debug|Any CPU
		{DCED6006-3D12-4E42-9F95-935DA746BE75}.Release|Any CPU.ActiveCfg = Release|Any CPU
		{DCED6006-3D12-4E42-9F95-935DA746BE75}.Release|Any CPU.Build.0 = Release|Any CPU
		{6D27FAD1-C5DC-420B-A641-4850C61D95D4}.Debug|Any CPU.ActiveCfg = Debug|Any CPU
		{6D27FAD1-C5DC-420B-A641-4850C61D95D4}.Debug|Any CPU.Build.0 = Debug|Any CPU
		{6D27FAD1-C5DC-420B-A641-4850C61D95D4}.Release|Any CPU.ActiveCfg = Release|Any CPU
		{6D27FAD1-C5DC-420B-A641-4850C61D95D4}.Release|Any CPU.Build.0 = Release|Any CPU
		{6EE87897-B7FB-4A93-ACC3-3507DDAC89A6}.Debug|Any CPU.ActiveCfg = Debug|Any CPU
		{6EE87897-B7FB-4A93-ACC3-3507DDAC89A6}.Debug|Any CPU.Build.0 = Debug|Any CPU
		{6EE87897-B7FB-4A93-ACC3-3507DDAC89A6}.Release|Any CPU.ActiveCfg = Release|Any CPU
		{6EE87897-B7FB-4A93-ACC3-3507DDAC89A6}.Release|Any CPU.Build.0 = Release|Any CPU
		{16F48D02-CF65-43EF-8280-348C07E73C26}.Debug|Any CPU.ActiveCfg = Debug|Any CPU
		{16F48D02-CF65-43EF-8280-348C07E73C26}.Debug|Any CPU.Build.0 = Debug|Any CPU
		{16F48D02-CF65-43EF-8280-348C07E73C26}.Release|Any CPU.ActiveCfg = Release|Any CPU
		{16F48D02-CF65-43EF-8280-348C07E73C26}.Release|Any CPU.Build.0 = Release|Any CPU
	EndGlobalSection
	GlobalSection(SolutionProperties) = preSolution
		HideSolutionNode = FALSE
	EndGlobalSection
	GlobalSection(ExtensibilityGlobals) = postSolution
		SolutionGuid = {8FF06F1E-F6DF-47E0-A083-204ADA0C5BD2}
	EndGlobalSection
EndGlobal
