
Microsoft Visual Studio Solution File, Format Version 12.00
# Visual Studio Version 17
VisualStudioVersion = 17.3.32922.545
MinimumVisualStudioVersion = 10.0.40219.1
Project("{FAE04EC0-301F-11D3-BF4B-00C04F79EFBC}") = "01MealPlan", "01MealPlan\01MealPlan.csproj", "{748157BD-4ACF-477E-B894-CD9CD8FF15FE}"
EndProject
Global
	GlobalSection(SolutionConfigurationPlatforms) = preSolution
		Debug|Any CPU = Debug|Any CPU
		Release|Any CPU = Release|Any CPU
	EndGlobalSection
	GlobalSection(ProjectConfigurationPlatforms) = postSolution
		{748157BD-4ACF-477E-B894-CD9CD8FF15FE}.Debug|Any CPU.ActiveCfg = Debug|Any CPU
		{748157BD-4ACF-477E-B894-CD9CD8FF15FE}.Debug|Any CPU.Build.0 = Debug|Any CPU
		{748157BD-4ACF-477E-B894-CD9CD8FF15FE}.Release|Any CPU.ActiveCfg = Release|Any CPU
		{748157BD-4ACF-477E-B894-CD9CD8FF15FE}.Release|Any CPU.Build.0 = Release|Any CPU
	EndGlobalSection
	GlobalSection(SolutionProperties) = preSolution
		HideSolutionNode = FALSE
	EndGlobalSection
	GlobalSection(ExtensibilityGlobals) = postSolution
		SolutionGuid = {ED47B535-15EC-42DC-BB38-5C1B3074EC4E}
	EndGlobalSection
EndGlobal
