
Microsoft Visual Studio Solution File, Format Version 12.00
# Visual Studio Version 17
VisualStudioVersion = 17.1.32210.238
MinimumVisualStudioVersion = 10.0.40219.1
Project("{9A19103F-16F7-4668-BE54-9A1E7A4F7556}") = "01CountSameValuesInArray", "01CountSameValuesInArray\01CountSameValuesInArray.csproj", "{EF84BAB2-3860-4BE9-A2A7-7D6B4BE8E6FC}"
EndProject
Project("{FAE04EC0-301F-11D3-BF4B-00C04F79EFBC}") = "02AverageStudentGrades", "02AverageStudentGrades\02AverageStudentGrades.csproj", "{09C02849-5DAA-4CBB-B68C-8E6B2414E5DF}"
EndProject
Project("{FAE04EC0-301F-11D3-BF4B-00C04F79EFBC}") = "03Largest3Numbers", "03Largest3Numbers\03Largest3Numbers.csproj", "{BF71400F-187B-4AFE-ADA9-FFD200530A98}"
EndProject
Project("{FAE04EC0-301F-11D3-BF4B-00C04F79EFBC}") = "04ProductShop", "04ProductShop\04ProductShop.csproj", "{03088EB3-9845-46CA-9510-B0A4DB2AC47C}"
EndProject
Project("{FAE04EC0-301F-11D3-BF4B-00C04F79EFBC}") = "05CitiesByContinentAndCoun", "05CitiesByContinentAndCoun\05CitiesByContinentAndCoun.csproj", "{BE333195-C1CD-43E0-8B93-2EE4BAE674A9}"
EndProject
Project("{FAE04EC0-301F-11D3-BF4B-00C04F79EFBC}") = "06RecordUniqueNames", "06RecordUniqueNames\06RecordUniqueNames.csproj", "{A751BFFA-3A3A-43BA-B194-66310E111CBD}"
EndProject
Project("{FAE04EC0-301F-11D3-BF4B-00C04F79EFBC}") = "07ParkingLot", "07ParkingLot\07ParkingLot.csproj", "{1BBDB27E-D75E-4238-A998-16E01BEC2D33}"
EndProject
Project("{FAE04EC0-301F-11D3-BF4B-00C04F79EFBC}") = "08SoftUniParty", "08SoftUniParty\08SoftUniParty.csproj", "{D0B0EC39-BB6E-4CFA-8EAC-82D04EDCC089}"
EndProject
Global
	GlobalSection(SolutionConfigurationPlatforms) = preSolution
		Debug|Any CPU = Debug|Any CPU
		Release|Any CPU = Release|Any CPU
	EndGlobalSection
	GlobalSection(ProjectConfigurationPlatforms) = postSolution
		{EF84BAB2-3860-4BE9-A2A7-7D6B4BE8E6FC}.Debug|Any CPU.ActiveCfg = Debug|Any CPU
		{EF84BAB2-3860-4BE9-A2A7-7D6B4BE8E6FC}.Debug|Any CPU.Build.0 = Debug|Any CPU
		{EF84BAB2-3860-4BE9-A2A7-7D6B4BE8E6FC}.Release|Any CPU.ActiveCfg = Release|Any CPU
		{EF84BAB2-3860-4BE9-A2A7-7D6B4BE8E6FC}.Release|Any CPU.Build.0 = Release|Any CPU
		{09C02849-5DAA-4CBB-B68C-8E6B2414E5DF}.Debug|Any CPU.ActiveCfg = Debug|Any CPU
		{09C02849-5DAA-4CBB-B68C-8E6B2414E5DF}.Debug|Any CPU.Build.0 = Debug|Any CPU
		{09C02849-5DAA-4CBB-B68C-8E6B2414E5DF}.Release|Any CPU.ActiveCfg = Release|Any CPU
		{09C02849-5DAA-4CBB-B68C-8E6B2414E5DF}.Release|Any CPU.Build.0 = Release|Any CPU
		{BF71400F-187B-4AFE-ADA9-FFD200530A98}.Debug|Any CPU.ActiveCfg = Debug|Any CPU
		{BF71400F-187B-4AFE-ADA9-FFD200530A98}.Debug|Any CPU.Build.0 = Debug|Any CPU
		{BF71400F-187B-4AFE-ADA9-FFD200530A98}.Release|Any CPU.ActiveCfg = Release|Any CPU
		{BF71400F-187B-4AFE-ADA9-FFD200530A98}.Release|Any CPU.Build.0 = Release|Any CPU
		{03088EB3-9845-46CA-9510-B0A4DB2AC47C}.Debug|Any CPU.ActiveCfg = Debug|Any CPU
		{03088EB3-9845-46CA-9510-B0A4DB2AC47C}.Debug|Any CPU.Build.0 = Debug|Any CPU
		{03088EB3-9845-46CA-9510-B0A4DB2AC47C}.Release|Any CPU.ActiveCfg = Release|Any CPU
		{03088EB3-9845-46CA-9510-B0A4DB2AC47C}.Release|Any CPU.Build.0 = Release|Any CPU
		{BE333195-C1CD-43E0-8B93-2EE4BAE674A9}.Debug|Any CPU.ActiveCfg = Debug|Any CPU
		{BE333195-C1CD-43E0-8B93-2EE4BAE674A9}.Debug|Any CPU.Build.0 = Debug|Any CPU
		{BE333195-C1CD-43E0-8B93-2EE4BAE674A9}.Release|Any CPU.ActiveCfg = Release|Any CPU
		{BE333195-C1CD-43E0-8B93-2EE4BAE674A9}.Release|Any CPU.Build.0 = Release|Any CPU
		{A751BFFA-3A3A-43BA-B194-66310E111CBD}.Debug|Any CPU.ActiveCfg = Debug|Any CPU
		{A751BFFA-3A3A-43BA-B194-66310E111CBD}.Debug|Any CPU.Build.0 = Debug|Any CPU
		{A751BFFA-3A3A-43BA-B194-66310E111CBD}.Release|Any CPU.ActiveCfg = Release|Any CPU
		{A751BFFA-3A3A-43BA-B194-66310E111CBD}.Release|Any CPU.Build.0 = Release|Any CPU
		{1BBDB27E-D75E-4238-A998-16E01BEC2D33}.Debug|Any CPU.ActiveCfg = Debug|Any CPU
		{1BBDB27E-D75E-4238-A998-16E01BEC2D33}.Debug|Any CPU.Build.0 = Debug|Any CPU
		{1BBDB27E-D75E-4238-A998-16E01BEC2D33}.Release|Any CPU.ActiveCfg = Release|Any CPU
		{1BBDB27E-D75E-4238-A998-16E01BEC2D33}.Release|Any CPU.Build.0 = Release|Any CPU
		{D0B0EC39-BB6E-4CFA-8EAC-82D04EDCC089}.Debug|Any CPU.ActiveCfg = Debug|Any CPU
		{D0B0EC39-BB6E-4CFA-8EAC-82D04EDCC089}.Debug|Any CPU.Build.0 = Debug|Any CPU
		{D0B0EC39-BB6E-4CFA-8EAC-82D04EDCC089}.Release|Any CPU.ActiveCfg = Release|Any CPU
		{D0B0EC39-BB6E-4CFA-8EAC-82D04EDCC089}.Release|Any CPU.Build.0 = Release|Any CPU
	EndGlobalSection
	GlobalSection(SolutionProperties) = preSolution
		HideSolutionNode = FALSE
	EndGlobalSection
	GlobalSection(ExtensibilityGlobals) = postSolution
		SolutionGuid = {A333FB4A-1095-4285-B1CD-A28968073E2E}
	EndGlobalSection
EndGlobal
