
Microsoft Visual Studio Solution File, Format Version 12.00
# Visual Studio Version 17
VisualStudioVersion = 17.0.32126.317
MinimumVisualStudioVersion = 10.0.40219.1
Project("{FAE04EC0-301F-11D3-BF4B-00C04F79EFBC}") = "01. Advertisement Message", "01. Advertisement Message\01. Advertisement Message.csproj", "{E5C60E84-C76B-40E1-9050-D7192B33ACA1}"
EndProject
Project("{FAE04EC0-301F-11D3-BF4B-00C04F79EFBC}") = "02.Articles", "02.Articles\02.Articles.csproj", "{F508AE19-8FC2-45BB-B751-ECE547D5533A}"
EndProject
Project("{FAE04EC0-301F-11D3-BF4B-00C04F79EFBC}") = "03.Articles2", "03.Articles2\03.Articles2.csproj", "{40BA218F-B23B-4C39-8F0F-B45917881CA0}"
EndProject
Project("{FAE04EC0-301F-11D3-BF4B-00C04F79EFBC}") = "04.Students", "04.Students\04.Students.csproj", "{65E64D7D-4FC4-4449-A313-E21EE6C7C33E}"
EndProject
Project("{FAE04EC0-301F-11D3-BF4B-00C04F79EFBC}") = "05.TeamworkProjects", "05.TeamworkProjects\05.TeamworkProjects.csproj", "{14B9E4F6-AF40-4F4F-8418-F3A331BDB929}"
EndProject
Project("{FAE04EC0-301F-11D3-BF4B-00C04F79EFBC}") = "07.OrderByAge", "07.OrderByAge\07.OrderByAge.csproj", "{E0209158-E119-49C1-8335-25098C90AFD2}"
EndProject
Project("{FAE04EC0-301F-11D3-BF4B-00C04F79EFBC}") = "06.VehicleCatalogue", "06.Newnew\06.VehicleCatalogue.csproj", "{BDD0E4A0-7809-45CA-8B39-5897599AA486}"
EndProject
Global
	GlobalSection(SolutionConfigurationPlatforms) = preSolution
		Debug|Any CPU = Debug|Any CPU
		Release|Any CPU = Release|Any CPU
	EndGlobalSection
	GlobalSection(ProjectConfigurationPlatforms) = postSolution
		{E5C60E84-C76B-40E1-9050-D7192B33ACA1}.Debug|Any CPU.ActiveCfg = Debug|Any CPU
		{E5C60E84-C76B-40E1-9050-D7192B33ACA1}.Debug|Any CPU.Build.0 = Debug|Any CPU
		{E5C60E84-C76B-40E1-9050-D7192B33ACA1}.Release|Any CPU.ActiveCfg = Release|Any CPU
		{E5C60E84-C76B-40E1-9050-D7192B33ACA1}.Release|Any CPU.Build.0 = Release|Any CPU
		{F508AE19-8FC2-45BB-B751-ECE547D5533A}.Debug|Any CPU.ActiveCfg = Debug|Any CPU
		{F508AE19-8FC2-45BB-B751-ECE547D5533A}.Debug|Any CPU.Build.0 = Debug|Any CPU
		{F508AE19-8FC2-45BB-B751-ECE547D5533A}.Release|Any CPU.ActiveCfg = Release|Any CPU
		{F508AE19-8FC2-45BB-B751-ECE547D5533A}.Release|Any CPU.Build.0 = Release|Any CPU
		{40BA218F-B23B-4C39-8F0F-B45917881CA0}.Debug|Any CPU.ActiveCfg = Debug|Any CPU
		{40BA218F-B23B-4C39-8F0F-B45917881CA0}.Debug|Any CPU.Build.0 = Debug|Any CPU
		{40BA218F-B23B-4C39-8F0F-B45917881CA0}.Release|Any CPU.ActiveCfg = Release|Any CPU
		{40BA218F-B23B-4C39-8F0F-B45917881CA0}.Release|Any CPU.Build.0 = Release|Any CPU
		{65E64D7D-4FC4-4449-A313-E21EE6C7C33E}.Debug|Any CPU.ActiveCfg = Debug|Any CPU
		{65E64D7D-4FC4-4449-A313-E21EE6C7C33E}.Debug|Any CPU.Build.0 = Debug|Any CPU
		{65E64D7D-4FC4-4449-A313-E21EE6C7C33E}.Release|Any CPU.ActiveCfg = Release|Any CPU
		{65E64D7D-4FC4-4449-A313-E21EE6C7C33E}.Release|Any CPU.Build.0 = Release|Any CPU
		{14B9E4F6-AF40-4F4F-8418-F3A331BDB929}.Debug|Any CPU.ActiveCfg = Debug|Any CPU
		{14B9E4F6-AF40-4F4F-8418-F3A331BDB929}.Debug|Any CPU.Build.0 = Debug|Any CPU
		{14B9E4F6-AF40-4F4F-8418-F3A331BDB929}.Release|Any CPU.ActiveCfg = Release|Any CPU
		{14B9E4F6-AF40-4F4F-8418-F3A331BDB929}.Release|Any CPU.Build.0 = Release|Any CPU
		{E0209158-E119-49C1-8335-25098C90AFD2}.Debug|Any CPU.ActiveCfg = Debug|Any CPU
		{E0209158-E119-49C1-8335-25098C90AFD2}.Debug|Any CPU.Build.0 = Debug|Any CPU
		{E0209158-E119-49C1-8335-25098C90AFD2}.Release|Any CPU.ActiveCfg = Release|Any CPU
		{E0209158-E119-49C1-8335-25098C90AFD2}.Release|Any CPU.Build.0 = Release|Any CPU
		{BDD0E4A0-7809-45CA-8B39-5897599AA486}.Debug|Any CPU.ActiveCfg = Debug|Any CPU
		{BDD0E4A0-7809-45CA-8B39-5897599AA486}.Debug|Any CPU.Build.0 = Debug|Any CPU
		{BDD0E4A0-7809-45CA-8B39-5897599AA486}.Release|Any CPU.ActiveCfg = Release|Any CPU
		{BDD0E4A0-7809-45CA-8B39-5897599AA486}.Release|Any CPU.Build.0 = Release|Any CPU
	EndGlobalSection
	GlobalSection(SolutionProperties) = preSolution
		HideSolutionNode = FALSE
	EndGlobalSection
	GlobalSection(ExtensibilityGlobals) = postSolution
		SolutionGuid = {2C5D7E1F-B0C2-4238-8B26-6DD558C9B34D}
	EndGlobalSection
EndGlobal
