
Microsoft Visual Studio Solution File, Format Version 12.00
# Visual Studio Version 17
VisualStudioVersion = 17.0.32126.317
MinimumVisualStudioVersion = 10.0.40219.1
Project("{FAE04EC0-301F-11D3-BF4B-00C04F79EFBC}") = "01.CountCharsinaString", "01.CountCharsinaString\01.CountCharsinaString.csproj", "{4AEF0388-70D3-4E60-A3A8-E16ECAEF6C2B}"
EndProject
Global
	GlobalSection(SolutionConfigurationPlatforms) = preSolution
		Debug|Any CPU = Debug|Any CPU
		Release|Any CPU = Release|Any CPU
	EndGlobalSection
	GlobalSection(ProjectConfigurationPlatforms) = postSolution
		{4AEF0388-70D3-4E60-A3A8-E16ECAEF6C2B}.Debug|Any CPU.ActiveCfg = Debug|Any CPU
		{4AEF0388-70D3-4E60-A3A8-E16ECAEF6C2B}.Debug|Any CPU.Build.0 = Debug|Any CPU
		{4AEF0388-70D3-4E60-A3A8-E16ECAEF6C2B}.Release|Any CPU.ActiveCfg = Release|Any CPU
		{4AEF0388-70D3-4E60-A3A8-E16ECAEF6C2B}.Release|Any CPU.Build.0 = Release|Any CPU
	EndGlobalSection
	GlobalSection(SolutionProperties) = preSolution
		HideSolutionNode = FALSE
	EndGlobalSection
	GlobalSection(ExtensibilityGlobals) = postSolution
		SolutionGuid = {DD1129F3-68C0-453E-A636-E4219474E1D5}
	EndGlobalSection
EndGlobal
