
Microsoft Visual Studio Solution File, Format Version 12.00
# Visual Studio Version 17
VisualStudioVersion = 17.0.32126.317
MinimumVisualStudioVersion = 10.0.40219.1
Project("{9A19103F-16F7-4668-BE54-9A1E7A4F7556}") = "01.CountCharsinaString", "01.CountCharsinaString\01.CountCharsinaString.csproj", "{4AEF0388-70D3-4E60-A3A8-E16ECAEF6C2B}"
EndProject
Project("{FAE04EC0-301F-11D3-BF4B-00C04F79EFBC}") = "02.AMinerTask", "02.AMinerTask\02.AMinerTask.csproj", "{4A08CCBD-D2F7-47D2-90BB-7927D2E01A3C}"
EndProject
Project("{FAE04EC0-301F-11D3-BF4B-00C04F79EFBC}") = "03.LegendaryFarming", "03.LegendaryFarming\03.LegendaryFarming.csproj", "{B6EC8532-9CEE-494E-9823-B9C850D25EA7}"
EndProject
Project("{FAE04EC0-301F-11D3-BF4B-00C04F79EFBC}") = "04.Orders", "04.Orders\04.Orders.csproj", "{69260965-DFFD-4A78-9A71-582E2197CD81}"
EndProject
Global
	GlobalSection(SolutionConfigurationPlatforms) = preSolution
		Debug|Any CPU = Debug|Any CPU
		Release|Any CPU = Release|Any CPU
	EndGlobalSection
	GlobalSection(ProjectConfigurationPlatforms) = postSolution
		{4AEF0388-70D3-4E60-A3A8-E16ECAEF6C2B}.Debug|Any CPU.ActiveCfg = Debug|Any CPU
		{4AEF0388-70D3-4E60-A3A8-E16ECAEF6C2B}.Debug|Any CPU.Build.0 = Debug|Any CPU
		{4AEF0388-70D3-4E60-A3A8-E16ECAEF6C2B}.Release|Any CPU.ActiveCfg = Release|Any CPU
		{4AEF0388-70D3-4E60-A3A8-E16ECAEF6C2B}.Release|Any CPU.Build.0 = Release|Any CPU
		{4A08CCBD-D2F7-47D2-90BB-7927D2E01A3C}.Debug|Any CPU.ActiveCfg = Debug|Any CPU
		{4A08CCBD-D2F7-47D2-90BB-7927D2E01A3C}.Debug|Any CPU.Build.0 = Debug|Any CPU
		{4A08CCBD-D2F7-47D2-90BB-7927D2E01A3C}.Release|Any CPU.ActiveCfg = Release|Any CPU
		{4A08CCBD-D2F7-47D2-90BB-7927D2E01A3C}.Release|Any CPU.Build.0 = Release|Any CPU
		{B6EC8532-9CEE-494E-9823-B9C850D25EA7}.Debug|Any CPU.ActiveCfg = Debug|Any CPU
		{B6EC8532-9CEE-494E-9823-B9C850D25EA7}.Debug|Any CPU.Build.0 = Debug|Any CPU
		{B6EC8532-9CEE-494E-9823-B9C850D25EA7}.Release|Any CPU.ActiveCfg = Release|Any CPU
		{B6EC8532-9CEE-494E-9823-B9C850D25EA7}.Release|Any CPU.Build.0 = Release|Any CPU
		{69260965-DFFD-4A78-9A71-582E2197CD81}.Debug|Any CPU.ActiveCfg = Debug|Any CPU
		{69260965-DFFD-4A78-9A71-582E2197CD81}.Debug|Any CPU.Build.0 = Debug|Any CPU
		{69260965-DFFD-4A78-9A71-582E2197CD81}.Release|Any CPU.ActiveCfg = Release|Any CPU
		{69260965-DFFD-4A78-9A71-582E2197CD81}.Release|Any CPU.Build.0 = Release|Any CPU
	EndGlobalSection
	GlobalSection(SolutionProperties) = preSolution
		HideSolutionNode = FALSE
	EndGlobalSection
	GlobalSection(ExtensibilityGlobals) = postSolution
		SolutionGuid = {DD1129F3-68C0-453E-A636-E4219474E1D5}
	EndGlobalSection
EndGlobal
